<?xml version="1.0" encoding="utf-8"?>
<Project ToolsVersion="4.0" xmlns="http://schemas.microsoft.com/developer/msbuild/2003">
  <ItemGroup>
    <Filter Include="Файлы исходного кода">
      <UniqueIdentifier>{4FC737F1-C7A5-4376-A066-2A32D752A2FF}</UniqueIdentifier>
      <Extensions>cpp;c;cc;cxx;def;odl;idl;hpj;bat;asm;asmx</Extensions>
    </Filter>
    <Filter Include="Заголовочные файлы">
      <UniqueIdentifier>{93995380-89BD-4b04-88EB-625FBE52EBFB}</UniqueIdentifier>
      <Extensions>h;hpp;hxx;hm;inl;inc;xsd</Extensions>
    </Filter>
    <Filter Include="Файлы ресурсов">
      <UniqueIdentifier>{67DA6AB6-F800-4c08-8B7A-83BB121AAD01}</UniqueIdentifier>
      <Extensions>rc;ico;cur;bmp;dlg;rc2;rct;bin;rgs;gif;jpg;jpeg;jpe;resx;tiff;tif;png;wav;mfcribbon-ms</Extensions>
    </Filter>
    <Filter Include="Заголовочные файлы\managers">
      <UniqueIdentifier>{21e72e6b-2bde-4c86-871a-ededf8af18b6}</UniqueIdentifier>
    </Filter>
    <Filter Include="Файлы исходного кода\managers">
      <UniqueIdentifier>{635c75b2-c7aa-4279-9037-250682f24f29}</UniqueIdentifier>
    </Filter>
    <Filter Include="Заголовочные файлы\network">
      <UniqueIdentifier>{dc9beb5e-4394-496d-9514-a0a9433c8d8c}</UniqueIdentifier>
    </Filter>
    <Filter Include="Файлы исходного кода\network">
      <UniqueIdentifier>{6a46cc9f-0cff-4567-a16d-1202e81d21b6}</UniqueIdentifier>
    </Filter>
    <Filter Include="Заголовочные файлы\gump">
      <UniqueIdentifier>{a803e22b-d331-4ac9-8705-92223bd7e93d}</UniqueIdentifier>
    </Filter>
    <Filter Include="Файлы исходного кода\gump">
      <UniqueIdentifier>{298cf661-ef51-42d2-8144-0fd7c81c1bfe}</UniqueIdentifier>
    </Filter>
    <Filter Include="Заголовочные файлы\screen stages">
      <UniqueIdentifier>{9f05c3e9-b0cb-4a50-b5d6-977634fdd50e}</UniqueIdentifier>
    </Filter>
    <Filter Include="Файлы исходного кода\screen stages">
      <UniqueIdentifier>{0f5994a7-9a47-40da-a675-27d15b29b035}</UniqueIdentifier>
    </Filter>
    <Filter Include="Заголовочные файлы\game object">
      <UniqueIdentifier>{1ae9c346-1b9e-4c92-8984-e64bf48fd726}</UniqueIdentifier>
    </Filter>
    <Filter Include="Файлы исходного кода\game object">
      <UniqueIdentifier>{37bc3c20-f5a5-4dc6-b812-bd2858b9faf5}</UniqueIdentifier>
    </Filter>
  </ItemGroup>
  <ItemGroup>
    <ClInclude Include="stdafx.h">
      <Filter>Заголовочные файлы</Filter>
    </ClInclude>
    <ClInclude Include="targetver.h">
      <Filter>Заголовочные файлы</Filter>
    </ClInclude>
    <ClInclude Include="Resource.h">
      <Filter>Заголовочные файлы</Filter>
    </ClInclude>
    <ClInclude Include="ClientUO.h">
      <Filter>Заголовочные файлы</Filter>
    </ClInclude>
    <ClInclude Include="EnumList.h">
      <Filter>Заголовочные файлы</Filter>
    </ClInclude>
    <ClInclude Include="Logger.h">
      <Filter>Заголовочные файлы</Filter>
    </ClInclude>
    <ClInclude Include="zconf.h">
      <Filter>Заголовочные файлы</Filter>
    </ClInclude>
    <ClInclude Include="zlib.h">
      <Filter>Заголовочные файлы</Filter>
    </ClInclude>
    <ClInclude Include="managers\ColorManager.h">
      <Filter>Заголовочные файлы\managers</Filter>
    </ClInclude>
    <ClInclude Include="managers\ConfigManager.h">
      <Filter>Заголовочные файлы\managers</Filter>
    </ClInclude>
    <ClInclude Include="managers\FileManager.h">
      <Filter>Заголовочные файлы\managers</Filter>
    </ClInclude>
    <ClInclude Include="managers\MouseManager.h">
      <Filter>Заголовочные файлы\managers</Filter>
    </ClInclude>
    <ClInclude Include="GLEngine.h">
      <Filter>Заголовочные файлы</Filter>
    </ClInclude>
    <ClInclude Include="EntryText.h">
      <Filter>Заголовочные файлы</Filter>
    </ClInclude>
    <ClInclude Include="BaseQueue.h">
      <Filter>Заголовочные файлы</Filter>
    </ClInclude>
    <ClInclude Include="RenderObject.h">
      <Filter>Заголовочные файлы</Filter>
    </ClInclude>
    <ClInclude Include="TextureObject.h">
      <Filter>Заголовочные файлы</Filter>
    </ClInclude>
    <ClInclude Include="MulStruct.h">
      <Filter>Заголовочные файлы</Filter>
    </ClInclude>
    <ClInclude Include="network\AES.H">
      <Filter>Заголовочные файлы\network</Filter>
    </ClInclude>
    <ClInclude Include="network\Connection.h">
      <Filter>Заголовочные файлы\network</Filter>
    </ClInclude>
    <ClInclude Include="network\GameCrypt.h">
      <Filter>Заголовочные файлы\network</Filter>
    </ClInclude>
    <ClInclude Include="network\LoginCrypt.h">
      <Filter>Заголовочные файлы\network</Filter>
    </ClInclude>
    <ClInclude Include="network\md5.h">
      <Filter>Заголовочные файлы\network</Filter>
    </ClInclude>
    <ClInclude Include="network\Packet.h">
      <Filter>Заголовочные файлы\network</Filter>
    </ClInclude>
    <ClInclude Include="network\platform.H">
      <Filter>Заголовочные файлы\network</Filter>
    </ClInclude>
    <ClInclude Include="network\TABLE.H">
      <Filter>Заголовочные файлы\network</Filter>
    </ClInclude>
    <ClInclude Include="network\UOHuffman.h">
      <Filter>Заголовочные файлы\network</Filter>
    </ClInclude>
    <ClInclude Include="ExceptionFilter.h">
      <Filter>Заголовочные файлы</Filter>
    </ClInclude>
    <ClInclude Include="managers\MulReader.h">
      <Filter>Заголовочные файлы\managers</Filter>
    </ClInclude>
    <ClInclude Include="gump\Gump.h">
      <Filter>Заголовочные файлы\gump</Filter>
    </ClInclude>
    <ClInclude Include="gump\GumpObject.h">
      <Filter>Заголовочные файлы\gump</Filter>
    </ClInclude>
    <ClInclude Include="screen stages\BaseScreen.h">
      <Filter>Заголовочные файлы\screen stages</Filter>
    </ClInclude>
    <ClInclude Include="screen stages\MainScreen.h">
      <Filter>Заголовочные файлы\screen stages</Filter>
    </ClInclude>
    <ClInclude Include="managers\FontsManager.h">
      <Filter>Заголовочные файлы\managers</Filter>
    </ClInclude>
    <ClInclude Include="managers\GumpManager.h">
      <Filter>Заголовочные файлы\managers</Filter>
    </ClInclude>
    <ClInclude Include="screen stages\ConnectionScreen.h">
      <Filter>Заголовочные файлы\screen stages</Filter>
    </ClInclude>
    <ClInclude Include="ServerList.h">
      <Filter>Заголовочные файлы</Filter>
    </ClInclude>
    <ClInclude Include="Skills.h">
      <Filter>Заголовочные файлы</Filter>
    </ClInclude>
    <ClInclude Include="Target.h">
      <Filter>Заголовочные файлы</Filter>
    </ClInclude>
    <ClInclude Include="managers\SkillGroupManager.h">
      <Filter>Заголовочные файлы\managers</Filter>
    </ClInclude>
    <ClInclude Include="managers\CreateCharacterManager.h">
      <Filter>Заголовочные файлы\managers</Filter>
    </ClInclude>
    <ClInclude Include="CharacterList.h">
      <Filter>Заголовочные файлы</Filter>
    </ClInclude>
    <ClInclude Include="Profession.h">
      <Filter>Заголовочные файлы</Filter>
    </ClInclude>
    <ClInclude Include="SkillGroup.h">
      <Filter>Заголовочные файлы</Filter>
    </ClInclude>
    <ClInclude Include="screen stages\CharacterListScreen.h">
      <Filter>Заголовочные файлы\screen stages</Filter>
    </ClInclude>
    <ClInclude Include="screen stages\CreateCharacterScreen.h">
      <Filter>Заголовочные файлы\screen stages</Filter>
    </ClInclude>
    <ClInclude Include="screen stages\SelectProfessionScreen.h">
      <Filter>Заголовочные файлы\screen stages</Filter>
    </ClInclude>
    <ClInclude Include="screen stages\ServerScreen.h">
      <Filter>Заголовочные файлы\screen stages</Filter>
    </ClInclude>
    <ClInclude Include="managers\ConnectionManager.h">
      <Filter>Заголовочные файлы\managers</Filter>
    </ClInclude>
    <ClInclude Include="managers\PacketManager.h">
      <Filter>Заголовочные файлы\managers</Filter>
    </ClInclude>
    <ClInclude Include="screen stages\SelectTownScreen.h">
      <Filter>Заголовочные файлы\screen stages</Filter>
    </ClInclude>
    <ClInclude Include="TextData.h">
      <Filter>Заголовочные файлы</Filter>
    </ClInclude>
    <ClInclude Include="game object\GameCharacter.h">
      <Filter>Заголовочные файлы\game object</Filter>
    </ClInclude>
    <ClInclude Include="game object\GameItem.h">
      <Filter>Заголовочные файлы\game object</Filter>
    </ClInclude>
    <ClInclude Include="game object\GameObject.h">
      <Filter>Заголовочные файлы\game object</Filter>
    </ClInclude>
    <ClInclude Include="game object\GameWorld.h">
      <Filter>Заголовочные файлы\game object</Filter>
    </ClInclude>
    <ClInclude Include="game object\GamePlayer.h">
      <Filter>Заголовочные файлы\game object</Filter>
    </ClInclude>
    <ClInclude Include="Walker.h">
      <Filter>Заголовочные файлы</Filter>
    </ClInclude>
    <ClInclude Include="game object\ObjectOnCursor.h">
      <Filter>Заголовочные файлы\game object</Filter>
    </ClInclude>
    <ClInclude Include="screen stages\GameScreen.h">
      <Filter>Заголовочные файлы\screen stages</Filter>
    </ClInclude>
    <ClInclude Include="gump\GumpPaperdoll.h">
      <Filter>Заголовочные файлы\gump</Filter>
    </ClInclude>
    <ClInclude Include="Weather.h">
      <Filter>Заголовочные файлы</Filter>
    </ClInclude>
    <ClInclude Include="screen stages\GameBlockedScreen.h">
      <Filter>Заголовочные файлы\screen stages</Filter>
    </ClInclude>
    <ClInclude Include="gump\GumpDrag.h">
      <Filter>Заголовочные файлы\gump</Filter>
    </ClInclude>
    <ClInclude Include="managers\MapManager.h">
      <Filter>Заголовочные файлы\managers</Filter>
    </ClInclude>
    <ClInclude Include="MapObject.h">
      <Filter>Заголовочные файлы</Filter>
    </ClInclude>
    <ClInclude Include="MapBlock.h">
      <Filter>Заголовочные файлы</Filter>
    </ClInclude>
    <ClInclude Include="managers\AnimationManager.h">
      <Filter>Заголовочные файлы\managers</Filter>
    </ClInclude>
    <ClInclude Include="gump\GumpMinimap.h">
      <Filter>Заголовочные файлы\gump</Filter>
    </ClInclude>
    <ClInclude Include="Multi.h">
      <Filter>Заголовочные файлы</Filter>
    </ClInclude>
    <ClInclude Include="gump\GumpContainer.h">
      <Filter>Заголовочные файлы\gump</Filter>
    </ClInclude>
    <ClInclude Include="gump\GumpGrayMenu.h">
      <Filter>Заголовочные файлы\gump</Filter>
    </ClInclude>
    <ClInclude Include="gump\GumpMenu.h">
      <Filter>Заголовочные файлы\gump</Filter>
    </ClInclude>
    <ClInclude Include="gump\GumpMenubar.h">
      <Filter>Заголовочные файлы\gump</Filter>
    </ClInclude>
    <ClInclude Include="gump\GumpNotify.h">
      <Filter>Заголовочные файлы\gump</Filter>
    </ClInclude>
    <ClInclude Include="gump\GumpQuestion.h">
      <Filter>Заголовочные файлы\gump</Filter>
    </ClInclude>
    <ClInclude Include="gump\GumpSelectFont.h">
      <Filter>Заголовочные файлы\gump</Filter>
    </ClInclude>
    <ClInclude Include="gump\GumpStatusbar.h">
      <Filter>Заголовочные файлы\gump</Filter>
    </ClInclude>
    <ClInclude Include="gump\GumpJournal.h">
      <Filter>Заголовочные файлы\gump</Filter>
    </ClInclude>
    <ClInclude Include="gump\GumpOptions.h">
      <Filter>Заголовочные файлы\gump</Filter>
    </ClInclude>
    <ClInclude Include="gump\GumpSecureTrading.h">
      <Filter>Заголовочные файлы\gump</Filter>
    </ClInclude>
    <ClInclude Include="gump\GumpSelectColor.h">
      <Filter>Заголовочные файлы\gump</Filter>
    </ClInclude>
    <ClInclude Include="gump\GumpSpell.h">
      <Filter>Заголовочные файлы\gump</Filter>
    </ClInclude>
    <ClInclude Include="gump\GumpSpellbook.h">
      <Filter>Заголовочные файлы\gump</Filter>
    </ClInclude>
    <ClInclude Include="gump\GumpTextEntryDialog.h">
      <Filter>Заголовочные файлы\gump</Filter>
    </ClInclude>
    <ClInclude Include="gump\GumpTip.h">
      <Filter>Заголовочные файлы\gump</Filter>
    </ClInclude>
    <ClInclude Include="gump\GumpGeneric.h">
      <Filter>Заголовочные файлы\gump</Filter>
    </ClInclude>
    <ClInclude Include="game object\GameEffect.h">
      <Filter>Заголовочные файлы\game object</Filter>
    </ClInclude>
    <ClInclude Include="managers\EffectManager.h">
      <Filter>Заголовочные файлы\managers</Filter>
    </ClInclude>
    <ClInclude Include="game object\ShopItem.h">
      <Filter>Заголовочные файлы\game object</Filter>
    </ClInclude>
    <ClInclude Include="Container.h">
      <Filter>Заголовочные файлы</Filter>
    </ClInclude>
    <ClInclude Include="gump\GumpSkills.h">
      <Filter>Заголовочные файлы\gump</Filter>
    </ClInclude>
    <ClInclude Include="Party.h">
      <Filter>Заголовочные файлы</Filter>
    </ClInclude>
    <ClInclude Include="gump\GumpBuy.h">
      <Filter>Заголовочные файлы\gump</Filter>
    </ClInclude>
    <ClInclude Include="gump\GumpSell.h">
      <Filter>Заголовочные файлы\gump</Filter>
    </ClInclude>
    <ClInclude Include="Tooltip.h">
      <Filter>Заголовочные файлы</Filter>
    </ClInclude>
    <ClInclude Include="managers\SoundManager.h">
      <Filter>Заголовочные файлы\managers</Filter>
    </ClInclude>
    <ClInclude Include="managers\ClilocManager.h">
      <Filter>Заголовочные файлы\managers</Filter>
    </ClInclude>
    <ClInclude Include="MultiMap.h">
      <Filter>Заголовочные файлы</Filter>
    </ClInclude>
    <ClInclude Include="QuestArrow.h">
      <Filter>Заголовочные файлы</Filter>
    </ClInclude>
    <ClInclude Include="gump\GumpMap.h">
      <Filter>Заголовочные файлы\gump</Filter>
    </ClInclude>
    <ClInclude Include="gump\GumpDye.h">
      <Filter>Заголовочные файлы\gump</Filter>
    </ClInclude>
    <ClInclude Include="managers\MacroManager.h">
      <Filter>Заголовочные файлы\managers</Filter>
    </ClInclude>
    <ClInclude Include="managers\OptionsMacroManager.h">
      <Filter>Заголовочные файлы\managers</Filter>
    </ClInclude>
    <ClInclude Include="Macro.h">
      <Filter>Заголовочные файлы</Filter>
    </ClInclude>
    <ClInclude Include="PathFinder.h">
      <Filter>Заголовочные файлы</Filter>
    </ClInclude>
    <ClInclude Include="gump\GumpProfile.h">
      <Filter>Заголовочные файлы\gump</Filter>
    </ClInclude>
    <ClInclude Include="gump\GumpPartyManifest.h">
      <Filter>Заголовочные файлы\gump</Filter>
    </ClInclude>
    <ClInclude Include="GameConsole.h">
      <Filter>Заголовочные файлы</Filter>
    </ClInclude>
    <ClInclude Include="gump\GumpBook.h">
      <Filter>Заголовочные файлы\gump</Filter>
    </ClInclude>
    <ClInclude Include="BookEntryText.h">
      <Filter>Заголовочные файлы</Filter>
    </ClInclude>
    <ClInclude Include="managers\CityManager.h">
      <Filter>Заголовочные файлы\managers</Filter>
    </ClInclude>
    <ClInclude Include="CityList.h">
      <Filter>Заголовочные файлы</Filter>
    </ClInclude>
    <ClInclude Include="game object\ClickObject.h">
      <Filter>Заголовочные файлы\game object</Filter>
    </ClInclude>
    <ClInclude Include="gump\GumpBulletinBoard.h">
      <Filter>Заголовочные файлы\gump</Filter>
    </ClInclude>
    <ClInclude Include="gump\GumpBulletinBoardItem.h">
      <Filter>Заголовочные файлы\gump</Filter>
    </ClInclude>
    <ClInclude Include="managers\PluginManager.h">
      <Filter>Заголовочные файлы\managers</Filter>
    </ClInclude>
    <ClInclude Include="gump\GumpWorldMap.h">
      <Filter>Заголовочные файлы\gump</Filter>
    </ClInclude>
    <ClInclude Include="VideoRecorder.h">
      <Filter>Заголовочные файлы</Filter>
    </ClInclude>
    <ClInclude Include="CommonInterfaces.h">
      <Filter>Заголовочные файлы</Filter>
    </ClInclude>
    <ClInclude Include="DefinitionMacro.h">
      <Filter>Заголовочные файлы</Filter>
    </ClInclude>
    <ClInclude Include="FrameBuffer.h">
      <Filter>Заголовочные файлы</Filter>
    </ClInclude>
    <ClInclude Include="screen stages\DebugScreen.h">
      <Filter>Заголовочные файлы\screen stages</Filter>
    </ClInclude>
  </ItemGroup>
  <ItemGroup>
    <ClCompile Include="stdafx.cpp">
      <Filter>Файлы исходного кода</Filter>
    </ClCompile>
    <ClCompile Include="ClientUO.cpp">
      <Filter>Файлы исходного кода</Filter>
    </ClCompile>
    <ClCompile Include="Logger.cpp">
      <Filter>Файлы исходного кода</Filter>
    </ClCompile>
    <ClCompile Include="managers\ColorManager.cpp">
      <Filter>Файлы исходного кода\managers</Filter>
    </ClCompile>
    <ClCompile Include="managers\ConfigManager.cpp">
      <Filter>Файлы исходного кода\managers</Filter>
    </ClCompile>
    <ClCompile Include="managers\FileManager.cpp">
      <Filter>Файлы исходного кода\managers</Filter>
    </ClCompile>
    <ClCompile Include="managers\MouseManager.cpp">
      <Filter>Файлы исходного кода\managers</Filter>
    </ClCompile>
    <ClCompile Include="GLEngine.cpp">
      <Filter>Файлы исходного кода</Filter>
    </ClCompile>
    <ClCompile Include="EntryText.cpp">
      <Filter>Файлы исходного кода</Filter>
    </ClCompile>
    <ClCompile Include="BaseQueue.cpp">
      <Filter>Файлы исходного кода</Filter>
    </ClCompile>
    <ClCompile Include="RenderObject.cpp">
      <Filter>Файлы исходного кода</Filter>
    </ClCompile>
    <ClCompile Include="TextureObject.cpp">
      <Filter>Файлы исходного кода</Filter>
    </ClCompile>
    <ClCompile Include="MulStruct.cpp">
      <Filter>Файлы исходного кода</Filter>
    </ClCompile>
    <ClCompile Include="network\Connection.cpp">
      <Filter>Файлы исходного кода\network</Filter>
    </ClCompile>
    <ClCompile Include="network\GameCrypt.cpp">
      <Filter>Файлы исходного кода\network</Filter>
    </ClCompile>
    <ClCompile Include="network\LoginCrypt.cpp">
      <Filter>Файлы исходного кода\network</Filter>
    </ClCompile>
    <ClCompile Include="network\md5.cpp">
      <Filter>Файлы исходного кода\network</Filter>
    </ClCompile>
    <ClCompile Include="network\Packet.cpp">
      <Filter>Файлы исходного кода\network</Filter>
    </ClCompile>
    <ClCompile Include="network\twofish.cpp">
      <Filter>Файлы исходного кода\network</Filter>
    </ClCompile>
    <ClCompile Include="network\UOHuffman.cpp">
      <Filter>Файлы исходного кода\network</Filter>
    </ClCompile>
    <ClCompile Include="ExceptionFilter.cpp">
      <Filter>Файлы исходного кода</Filter>
    </ClCompile>
    <ClCompile Include="managers\MulReader.cpp">
      <Filter>Файлы исходного кода\managers</Filter>
    </ClCompile>
    <ClCompile Include="gump\Gump.cpp">
      <Filter>Файлы исходного кода\gump</Filter>
    </ClCompile>
    <ClCompile Include="gump\GumpObject.cpp">
      <Filter>Файлы исходного кода\gump</Filter>
    </ClCompile>
    <ClCompile Include="screen stages\BaseScreen.cpp">
      <Filter>Файлы исходного кода\screen stages</Filter>
    </ClCompile>
    <ClCompile Include="screen stages\MainScreen.cpp">
      <Filter>Файлы исходного кода\screen stages</Filter>
    </ClCompile>
    <ClCompile Include="managers\FontsManager.cpp">
      <Filter>Файлы исходного кода\managers</Filter>
    </ClCompile>
    <ClCompile Include="managers\GumpManager.cpp">
      <Filter>Файлы исходного кода\managers</Filter>
    </ClCompile>
    <ClCompile Include="screen stages\ConnectionScreen.cpp">
      <Filter>Файлы исходного кода\screen stages</Filter>
    </ClCompile>
    <ClCompile Include="ServerList.cpp">
      <Filter>Файлы исходного кода</Filter>
    </ClCompile>
    <ClCompile Include="Skills.cpp">
      <Filter>Файлы исходного кода</Filter>
    </ClCompile>
    <ClCompile Include="Target.cpp">
      <Filter>Файлы исходного кода</Filter>
    </ClCompile>
    <ClCompile Include="managers\SkillGroupManager.cpp">
      <Filter>Файлы исходного кода\managers</Filter>
    </ClCompile>
    <ClCompile Include="managers\CreateCharacterManager.cpp">
      <Filter>Файлы исходного кода\managers</Filter>
    </ClCompile>
    <ClCompile Include="CharacterList.cpp">
      <Filter>Файлы исходного кода</Filter>
    </ClCompile>
    <ClCompile Include="Profession.cpp">
      <Filter>Файлы исходного кода</Filter>
    </ClCompile>
    <ClCompile Include="SkillGroup.cpp">
      <Filter>Файлы исходного кода</Filter>
    </ClCompile>
    <ClCompile Include="screen stages\CharacterListScreen.cpp">
      <Filter>Файлы исходного кода\screen stages</Filter>
    </ClCompile>
    <ClCompile Include="screen stages\CreateCharacterScreen.cpp">
      <Filter>Файлы исходного кода\screen stages</Filter>
    </ClCompile>
    <ClCompile Include="screen stages\SelectProfessionScreen.cpp">
      <Filter>Файлы исходного кода\screen stages</Filter>
    </ClCompile>
    <ClCompile Include="screen stages\ServerScreen.cpp">
      <Filter>Файлы исходного кода\screen stages</Filter>
    </ClCompile>
    <ClCompile Include="managers\ConnectionManager.cpp">
      <Filter>Файлы исходного кода\managers</Filter>
    </ClCompile>
    <ClCompile Include="managers\PacketManager.cpp">
      <Filter>Файлы исходного кода\managers</Filter>
    </ClCompile>
    <ClCompile Include="screen stages\SelectTownScreen.cpp">
      <Filter>Файлы исходного кода\screen stages</Filter>
    </ClCompile>
    <ClCompile Include="TextData.cpp">
      <Filter>Файлы исходного кода</Filter>
    </ClCompile>
    <ClCompile Include="game object\GameCharacter.cpp">
      <Filter>Файлы исходного кода\game object</Filter>
    </ClCompile>
    <ClCompile Include="game object\GameItem.cpp">
      <Filter>Файлы исходного кода\game object</Filter>
    </ClCompile>
    <ClCompile Include="game object\GameObject.cpp">
      <Filter>Файлы исходного кода\game object</Filter>
    </ClCompile>
    <ClCompile Include="game object\GameWorld.cpp">
      <Filter>Файлы исходного кода\game object</Filter>
    </ClCompile>
    <ClCompile Include="game object\GamePlayer.cpp">
      <Filter>Файлы исходного кода\game object</Filter>
    </ClCompile>
    <ClCompile Include="Walker.cpp">
      <Filter>Файлы исходного кода</Filter>
    </ClCompile>
    <ClCompile Include="game object\ObjectOnCursor.cpp">
      <Filter>Файлы исходного кода\game object</Filter>
    </ClCompile>
    <ClCompile Include="screen stages\GameScreen.cpp">
      <Filter>Файлы исходного кода\screen stages</Filter>
    </ClCompile>
    <ClCompile Include="gump\GumpPaperdoll.cpp">
      <Filter>Файлы исходного кода\gump</Filter>
    </ClCompile>
    <ClCompile Include="Weather.cpp">
      <Filter>Файлы исходного кода</Filter>
    </ClCompile>
    <ClCompile Include="screen stages\GameBlockedScreen.cpp">
      <Filter>Файлы исходного кода\screen stages</Filter>
    </ClCompile>
    <ClCompile Include="gump\GumpDrag.cpp">
      <Filter>Файлы исходного кода\gump</Filter>
    </ClCompile>
    <ClCompile Include="managers\MapManager.cpp">
      <Filter>Файлы исходного кода\managers</Filter>
    </ClCompile>
    <ClCompile Include="MapObject.cpp">
      <Filter>Файлы исходного кода</Filter>
    </ClCompile>
    <ClCompile Include="MapBlock.cpp">
      <Filter>Файлы исходного кода</Filter>
    </ClCompile>
    <ClCompile Include="managers\AnimationManager.cpp">
      <Filter>Файлы исходного кода\managers</Filter>
    </ClCompile>
    <ClCompile Include="gump\GumpMinimap.cpp">
      <Filter>Файлы исходного кода\gump</Filter>
    </ClCompile>
    <ClCompile Include="Multi.cpp">
      <Filter>Файлы исходного кода</Filter>
    </ClCompile>
    <ClCompile Include="gump\GumpContainer.cpp">
      <Filter>Файлы исходного кода\gump</Filter>
    </ClCompile>
    <ClCompile Include="gump\GumpGrayMenu.cpp">
      <Filter>Файлы исходного кода\gump</Filter>
    </ClCompile>
    <ClCompile Include="gump\GumpMenu.cpp">
      <Filter>Файлы исходного кода\gump</Filter>
    </ClCompile>
    <ClCompile Include="gump\GumpMenubar.cpp">
      <Filter>Файлы исходного кода\gump</Filter>
    </ClCompile>
    <ClCompile Include="gump\GumpNotify.cpp">
      <Filter>Файлы исходного кода\gump</Filter>
    </ClCompile>
    <ClCompile Include="gump\GumpQuestion.cpp">
      <Filter>Файлы исходного кода\gump</Filter>
    </ClCompile>
    <ClCompile Include="gump\GumpSelectFont.cpp">
      <Filter>Файлы исходного кода\gump</Filter>
    </ClCompile>
    <ClCompile Include="gump\GumpStatusbar.cpp">
      <Filter>Файлы исходного кода\gump</Filter>
    </ClCompile>
    <ClCompile Include="gump\GumpJournal.cpp">
      <Filter>Файлы исходного кода\gump</Filter>
    </ClCompile>
    <ClCompile Include="gump\GumpOptions.cpp">
      <Filter>Файлы исходного кода\gump</Filter>
    </ClCompile>
    <ClCompile Include="gump\GumpSecureTrading.cpp">
      <Filter>Файлы исходного кода\gump</Filter>
    </ClCompile>
    <ClCompile Include="gump\GumpSelectColor.cpp">
      <Filter>Файлы исходного кода\gump</Filter>
    </ClCompile>
    <ClCompile Include="gump\GumpSpell.cpp">
      <Filter>Файлы исходного кода\gump</Filter>
    </ClCompile>
    <ClCompile Include="gump\GumpSpellbook.cpp">
      <Filter>Файлы исходного кода\gump</Filter>
    </ClCompile>
    <ClCompile Include="gump\GumpTextEntryDialog.cpp">
      <Filter>Файлы исходного кода\gump</Filter>
    </ClCompile>
    <ClCompile Include="gump\GumpTip.cpp">
      <Filter>Файлы исходного кода\gump</Filter>
    </ClCompile>
    <ClCompile Include="gump\GumpGeneric.cpp">
      <Filter>Файлы исходного кода\gump</Filter>
    </ClCompile>
    <ClCompile Include="game object\GameEffect.cpp">
      <Filter>Файлы исходного кода\game object</Filter>
    </ClCompile>
    <ClCompile Include="managers\EffectManager.cpp">
      <Filter>Файлы исходного кода\managers</Filter>
    </ClCompile>
    <ClCompile Include="game object\ShopItem.cpp">
      <Filter>Файлы исходного кода\game object</Filter>
    </ClCompile>
    <ClCompile Include="Container.cpp">
      <Filter>Файлы исходного кода</Filter>
    </ClCompile>
    <ClCompile Include="gump\GumpSkills.cpp">
      <Filter>Файлы исходного кода\gump</Filter>
    </ClCompile>
    <ClCompile Include="Party.cpp">
      <Filter>Файлы исходного кода</Filter>
    </ClCompile>
    <ClCompile Include="gump\GumpBuy.cpp">
      <Filter>Файлы исходного кода\gump</Filter>
    </ClCompile>
    <ClCompile Include="gump\GumpSell.cpp">
      <Filter>Файлы исходного кода\gump</Filter>
    </ClCompile>
    <ClCompile Include="Tooltip.cpp">
      <Filter>Файлы исходного кода</Filter>
    </ClCompile>
    <ClCompile Include="managers\SoundManager.cpp">
      <Filter>Файлы исходного кода\managers</Filter>
    </ClCompile>
    <ClCompile Include="managers\ClilocManager.cpp">
      <Filter>Файлы исходного кода\managers</Filter>
    </ClCompile>
    <ClCompile Include="MultiMap.cpp">
      <Filter>Файлы исходного кода</Filter>
    </ClCompile>
    <ClCompile Include="QuestArrow.cpp">
      <Filter>Файлы исходного кода</Filter>
    </ClCompile>
    <ClCompile Include="gump\GumpMap.cpp">
      <Filter>Файлы исходного кода\gump</Filter>
    </ClCompile>
    <ClCompile Include="Macro.cpp">
      <Filter>Файлы исходного кода</Filter>
    </ClCompile>
    <ClCompile Include="PathFinder.cpp">
      <Filter>Файлы исходного кода</Filter>
    </ClCompile>
    <ClCompile Include="managers\MacroManager.cpp">
      <Filter>Файлы исходного кода\managers</Filter>
    </ClCompile>
    <ClCompile Include="managers\OptionsMacroManager.cpp">
      <Filter>Файлы исходного кода\managers</Filter>
    </ClCompile>
    <ClCompile Include="gump\GumpDye.cpp">
      <Filter>Файлы исходного кода\gump</Filter>
    </ClCompile>
    <ClCompile Include="gump\GumpProfile.cpp">
      <Filter>Файлы исходного кода\gump</Filter>
    </ClCompile>
    <ClCompile Include="gump\GumpPartyManifest.cpp">
      <Filter>Файлы исходного кода\gump</Filter>
    </ClCompile>
    <ClCompile Include="GameConsole.cpp">
      <Filter>Файлы исходного кода</Filter>
    </ClCompile>
    <ClCompile Include="BookEntryText.cpp">
      <Filter>Файлы исходного кода</Filter>
    </ClCompile>
    <ClCompile Include="gump\GumpBook.cpp">
      <Filter>Файлы исходного кода\gump</Filter>
    </ClCompile>
    <ClCompile Include="managers\CityManager.cpp">
      <Filter>Файлы исходного кода\managers</Filter>
    </ClCompile>
    <ClCompile Include="CityList.cpp">
      <Filter>Файлы исходного кода</Filter>
    </ClCompile>
    <ClCompile Include="game object\ClickObject.cpp">
      <Filter>Файлы исходного кода\game object</Filter>
    </ClCompile>
    <ClCompile Include="gump\GumpBulletinBoard.cpp">
      <Filter>Файлы исходного кода\gump</Filter>
    </ClCompile>
    <ClCompile Include="gump\GumpBulletinBoardItem.cpp">
      <Filter>Файлы исходного кода\gump</Filter>
    </ClCompile>
    <ClCompile Include="managers\PluginManager.cpp">
      <Filter>Файлы исходного кода\managers</Filter>
    </ClCompile>
    <ClCompile Include="gump\GumpWorldMap.cpp">
      <Filter>Файлы исходного кода\gump</Filter>
    </ClCompile>
    <ClCompile Include="VideoRecorder.cpp">
      <Filter>Файлы исходного кода</Filter>
    </ClCompile>
    <ClCompile Include="FrameBuffer.cpp">
      <Filter>Файлы исходного кода</Filter>
    </ClCompile>
    <ClCompile Include="screen stages\DebugScreen.cpp">
      <Filter>Файлы исходного кода\screen stages</Filter>
    </ClCompile>
  </ItemGroup>
  <ItemGroup>
    <Image Include="ClientUO.ico">
      <Filter>Файлы ресурсов</Filter>
    </Image>
  </ItemGroup>
  <ItemGroup>
    <ResourceCompile Include="ClientUO.rc">
      <Filter>Файлы ресурсов</Filter>
    </ResourceCompile>
  </ItemGroup>
  <ItemGroup>
    <None Include="cursor1.cur">
      <Filter>Файлы ресурсов</Filter>
    </None>
  </ItemGroup>
</Project>