
Microsoft Visual Studio Solution File, Format Version 12.00
# Visual Studio 2012
Project("{8BC9CEB8-8B4A-11D0-8D11-00A0C91BC942}") = "ClientUO", "ClientUO.vcxproj", "{1375C4DF-7D65-4FD4-806A-531F909FC176}"
EndProject
Global
	GlobalSection(SolutionConfigurationPlatforms) = preSolution
		Debug|Win32 = Debug|Win32
		Release|Win32 = Release|Win32
	EndGlobalSection
	GlobalSection(ProjectConfigurationPlatforms) = postSolution
		{1375C4DF-7D65-4FD4-806A-531F909FC176}.Debug|Win32.ActiveCfg = Release|Win32
		{1375C4DF-7D65-4FD4-806A-531F909FC176}.Debug|Win32.Build.0 = Release|Win32
		{1375C4DF-7D65-4FD4-806A-531F909FC176}.Release|Win32.ActiveCfg = Release|Win32
		{1375C4DF-7D65-4FD4-806A-531F909FC176}.Release|Win32.Build.0 = Release|Win32
	EndGlobalSection
	GlobalSection(SolutionProperties) = preSolution
		HideSolutionNode = FALSE
	EndGlobalSection
EndGlobal
