
Microsoft Visual Studio Solution File, Format Version 12.00
# Visual Studio 2013
VisualStudioVersion = 12.0.21005.1
MinimumVisualStudioVersion = 10.0.40219.1
Project("{8BC9CEB8-8B4A-11D0-8D11-00A0C91BC942}") = "OrionUO", "OrionUO\OrionUO.vcxproj", "{909473C7-8499-4614-92F1-43E370383AE6}"
EndProject
Global
	GlobalSection(SolutionConfigurationPlatforms) = preSolution
		Debug|Win32 = Debug|Win32
		Release|Win32 = Release|Win32
	EndGlobalSection
	GlobalSection(ProjectConfigurationPlatforms) = postSolution
		{909473C7-8499-4614-92F1-43E370383AE6}.Debug|Win32.ActiveCfg = Release|Win32
		{909473C7-8499-4614-92F1-43E370383AE6}.Debug|Win32.Build.0 = Release|Win32
		{909473C7-8499-4614-92F1-43E370383AE6}.Release|Win32.ActiveCfg = Release|Win32
		{909473C7-8499-4614-92F1-43E370383AE6}.Release|Win32.Build.0 = Release|Win32
	EndGlobalSection
	GlobalSection(SolutionProperties) = preSolution
		HideSolutionNode = FALSE
	EndGlobalSection
EndGlobal
