<?xml version="1.0" encoding="utf-8"?>
<Project ToolsVersion="4.0" xmlns="http://schemas.microsoft.com/developer/msbuild/2003">
  <ItemGroup>
    <Filter Include="Source Files">
      <UniqueIdentifier>{4FC737F1-C7A5-4376-A066-2A32D752A2FF}</UniqueIdentifier>
      <Extensions>cpp;c;cc;cxx;def;odl;idl;hpj;bat;asm;asmx</Extensions>
    </Filter>
    <Filter Include="Header Files">
      <UniqueIdentifier>{93995380-89BD-4b04-88EB-625FBE52EBFB}</UniqueIdentifier>
      <Extensions>h;hh;hpp;hxx;hm;inl;inc;xsd</Extensions>
    </Filter>
    <Filter Include="Resource Files">
      <UniqueIdentifier>{67DA6AB6-F800-4c08-8B7A-83BB121AAD01}</UniqueIdentifier>
      <Extensions>rc;ico;cur;bmp;dlg;rc2;rct;bin;rgs;gif;jpg;jpeg;jpe;resx;tiff;tif;png;wav;mfcribbon-ms</Extensions>
    </Filter>
    <Filter Include="Header Files\Wisp">
      <UniqueIdentifier>{1955f32e-ee1b-4282-8721-b79370fd9e6b}</UniqueIdentifier>
    </Filter>
    <Filter Include="Source Files\Wisp">
      <UniqueIdentifier>{5434bf4a-beac-41d8-a016-ec2a33c0e5b9}</UniqueIdentifier>
    </Filter>
    <Filter Include="Header Files\GLEngine">
      <UniqueIdentifier>{c808a5ed-1d28-41e7-854b-5f1a14662b72}</UniqueIdentifier>
    </Filter>
    <Filter Include="Source Files\GLEngine">
      <UniqueIdentifier>{c2c1f6a2-7221-4183-a6b9-832f9de635b4}</UniqueIdentifier>
    </Filter>
    <Filter Include="Header Files\Network">
      <UniqueIdentifier>{150f090b-b339-420f-bbec-b1b9b1486926}</UniqueIdentifier>
    </Filter>
    <Filter Include="Source Files\Network">
      <UniqueIdentifier>{ce9eb041-983d-48d0-ab90-2e4478107d7c}</UniqueIdentifier>
    </Filter>
    <Filter Include="Header Files\Managers">
      <UniqueIdentifier>{09832ea1-45b3-422d-afc5-982739040c35}</UniqueIdentifier>
    </Filter>
    <Filter Include="Source Files\Managers">
      <UniqueIdentifier>{d678c6e5-9992-4dde-aab4-d56f7f0038c4}</UniqueIdentifier>
    </Filter>
    <Filter Include="Source Files\Gumps">
      <UniqueIdentifier>{0b066d51-391b-4828-938e-41a92294e71e}</UniqueIdentifier>
    </Filter>
    <Filter Include="Header Files\Gumps">
      <UniqueIdentifier>{31762e39-25e9-4297-a40d-5b9aee64720e}</UniqueIdentifier>
    </Filter>
    <Filter Include="Header Files\GUI">
      <UniqueIdentifier>{f927c69f-a8d1-4833-a710-a8f909314de6}</UniqueIdentifier>
    </Filter>
    <Filter Include="Source Files\GUI">
      <UniqueIdentifier>{0d03da77-165c-49aa-8a7c-e83ac36e5eea}</UniqueIdentifier>
    </Filter>
    <Filter Include="Header Files\Screen stages">
      <UniqueIdentifier>{2ddcac56-949e-4ec1-b519-18eba665219e}</UniqueIdentifier>
    </Filter>
    <Filter Include="Source Files\Screen stages">
      <UniqueIdentifier>{e3d8e70c-4c11-4f68-8b6b-98669d266634}</UniqueIdentifier>
    </Filter>
    <Filter Include="Header Files\Game objects">
      <UniqueIdentifier>{72547308-423f-48a1-befa-879d8c803acf}</UniqueIdentifier>
    </Filter>
    <Filter Include="Source Files\Game objects">
      <UniqueIdentifier>{b15fcba6-5861-4932-b6b9-77cbc193344a}</UniqueIdentifier>
    </Filter>
    <Filter Include="Source Files\TextEngine">
      <UniqueIdentifier>{b519d60f-d9ed-4917-b03d-6acda24e057b}</UniqueIdentifier>
    </Filter>
    <Filter Include="Header Files\TextEngine">
      <UniqueIdentifier>{7a91148b-3702-4acb-baf2-85c3bd4fdb81}</UniqueIdentifier>
    </Filter>
    <Filter Include="Source Files\Walker">
      <UniqueIdentifier>{d5e5f2da-242f-4814-89f1-13f8ac40ba11}</UniqueIdentifier>
    </Filter>
    <Filter Include="Header Files\Walker">
      <UniqueIdentifier>{11ed1c8a-f1fd-423d-99d5-77c5784f6a7f}</UniqueIdentifier>
    </Filter>
    <Filter Include="Header Files\Utility">
      <UniqueIdentifier>{a8e8eecb-58f9-416d-9b8d-2e18f0b0f3e1}</UniqueIdentifier>
    </Filter>
    <Filter Include="Source Files\Utility">
      <UniqueIdentifier>{abdb335b-8a66-473e-9096-39e63390a6de}</UniqueIdentifier>
    </Filter>
  </ItemGroup>
  <ItemGroup>
    <Text Include="ReadMe.txt" />
  </ItemGroup>
  <ItemGroup>
    <ClInclude Include="Resource.h">
      <Filter>Header Files</Filter>
    </ClInclude>
    <ClInclude Include="OrionUO.h">
      <Filter>Header Files</Filter>
    </ClInclude>
    <ClInclude Include="Wisp\WispApplication.h">
      <Filter>Header Files\Wisp</Filter>
    </ClInclude>
    <ClInclude Include="Wisp\WispConnection.h">
      <Filter>Header Files\Wisp</Filter>
    </ClInclude>
    <ClInclude Include="Wisp\WispDataStream.h">
      <Filter>Header Files\Wisp</Filter>
    </ClInclude>
    <ClInclude Include="Wisp\WispGeometry.h">
      <Filter>Header Files\Wisp</Filter>
    </ClInclude>
    <ClInclude Include="Wisp\WispGlobal.h">
      <Filter>Header Files\Wisp</Filter>
    </ClInclude>
    <ClInclude Include="Wisp\WispMappedFile.h">
      <Filter>Header Files\Wisp</Filter>
    </ClInclude>
    <ClInclude Include="Wisp\WispMouse.h">
      <Filter>Header Files\Wisp</Filter>
    </ClInclude>
    <ClInclude Include="Wisp\WispPacketMessage.h">
      <Filter>Header Files\Wisp</Filter>
    </ClInclude>
    <ClInclude Include="Wisp\WispPacketReader.h">
      <Filter>Header Files\Wisp</Filter>
    </ClInclude>
    <ClInclude Include="Wisp\WispTextFileParser.h">
      <Filter>Header Files\Wisp</Filter>
    </ClInclude>
    <ClInclude Include="Wisp\WispThread.h">
      <Filter>Header Files\Wisp</Filter>
    </ClInclude>
    <ClInclude Include="Wisp\WispThreadedTimer.h">
      <Filter>Header Files\Wisp</Filter>
    </ClInclude>
    <ClInclude Include="Wisp\WispWindow.h">
      <Filter>Header Files\Wisp</Filter>
    </ClInclude>
    <ClInclude Include="OrionWindow.h">
      <Filter>Header Files</Filter>
    </ClInclude>
    <ClInclude Include="Wisp\WispLogger.h">
      <Filter>Header Files\Wisp</Filter>
    </ClInclude>
    <ClInclude Include="GLEngine\GLTexture.h">
      <Filter>Header Files\GLEngine</Filter>
    </ClInclude>
    <ClInclude Include="GLEngine\GLTextTexture.h">
      <Filter>Header Files\GLEngine</Filter>
    </ClInclude>
    <ClInclude Include="GLEngine\GLEngine.h">
      <Filter>Header Files\GLEngine</Filter>
    </ClInclude>
    <ClInclude Include="IndexObject.h">
      <Filter>Header Files</Filter>
    </ClInclude>
    <ClInclude Include="Constants.h">
      <Filter>Header Files</Filter>
    </ClInclude>
    <ClInclude Include="EnumList.h">
      <Filter>Header Files</Filter>
    </ClInclude>
    <ClInclude Include="Network\UOHuffman.h">
      <Filter>Header Files\Network</Filter>
    </ClInclude>
    <ClInclude Include="Managers\ConnectionManager.h">
      <Filter>Header Files\Managers</Filter>
    </ClInclude>
    <ClInclude Include="Network\Connection.h">
      <Filter>Header Files\Network</Filter>
    </ClInclude>
    <ClInclude Include="Globals.h">
      <Filter>Header Files</Filter>
    </ClInclude>
    <ClInclude Include="Managers\PacketManager.h">
      <Filter>Header Files\Managers</Filter>
    </ClInclude>
    <ClInclude Include="BaseQueue.h">
      <Filter>Header Files</Filter>
    </ClInclude>
    <ClInclude Include="Managers\FileManager.h">
      <Filter>Header Files\Managers</Filter>
    </ClInclude>
    <ClInclude Include="Managers\ColorManager.h">
      <Filter>Header Files\Managers</Filter>
    </ClInclude>
    <ClInclude Include="MulStruct.h">
      <Filter>Header Files</Filter>
    </ClInclude>
    <ClInclude Include="Managers\MouseManager.h">
      <Filter>Header Files\Managers</Filter>
    </ClInclude>
    <ClInclude Include="CharacterList.h">
      <Filter>Header Files</Filter>
    </ClInclude>
    <ClInclude Include="ServerList.h">
      <Filter>Header Files</Filter>
    </ClInclude>
    <ClInclude Include="MultiMap.h">
      <Filter>Header Files</Filter>
    </ClInclude>
    <ClInclude Include="ScreenshotBuilder.h">
      <Filter>Header Files</Filter>
    </ClInclude>
    <ClInclude Include="ShaderData.h">
      <Filter>Header Files</Filter>
    </ClInclude>
    <ClInclude Include="GLEngine\GLHTMLTextTexture.h">
      <Filter>Header Files\GLEngine</Filter>
    </ClInclude>
    <ClInclude Include="GLEngine\GLTextureCircleOfTransparency.h">
      <Filter>Header Files\GLEngine</Filter>
    </ClInclude>
    <ClInclude Include="Managers\ConfigManager.h">
      <Filter>Header Files\Managers</Filter>
    </ClInclude>
    <ClInclude Include="Wisp\WispBinaryFileWritter.h">
      <Filter>Header Files\Wisp</Filter>
    </ClInclude>
    <ClInclude Include="Managers\SoundManager.h">
      <Filter>Header Files\Managers</Filter>
    </ClInclude>
    <ClInclude Include="Managers\ClilocManager.h">
      <Filter>Header Files\Managers</Filter>
    </ClInclude>
    <ClInclude Include="GLEngine\GLFrameBuffer.h">
      <Filter>Header Files\GLEngine</Filter>
    </ClInclude>
    <ClInclude Include="GLEngine\GLShader.h">
      <Filter>Header Files\GLEngine</Filter>
    </ClInclude>
    <ClInclude Include="ToolTip.h">
      <Filter>Header Files</Filter>
    </ClInclude>
    <ClInclude Include="DefinitionMacro.h">
      <Filter>Header Files</Filter>
    </ClInclude>
    <ClInclude Include="Managers\FontsManager.h">
      <Filter>Header Files\Managers</Filter>
    </ClInclude>
    <ClInclude Include="Gumps\Gump.h">
      <Filter>Header Files\Gumps</Filter>
    </ClInclude>
    <ClInclude Include="RenderObject.h">
      <Filter>Header Files</Filter>
    </ClInclude>
    <ClInclude Include="GUI\BaseGUI.h">
      <Filter>Header Files\GUI</Filter>
    </ClInclude>
    <ClInclude Include="GUI\GUIButton.h">
      <Filter>Header Files\GUI</Filter>
    </ClInclude>
    <ClInclude Include="GUI\GUIPage.h">
      <Filter>Header Files\GUI</Filter>
    </ClInclude>
    <ClInclude Include="GUI\GUIGroup.h">
      <Filter>Header Files\GUI</Filter>
    </ClInclude>
    <ClInclude Include="Managers\SpeechManager.h">
      <Filter>Header Files\Managers</Filter>
    </ClInclude>
    <ClInclude Include="CityList.h">
      <Filter>Header Files</Filter>
    </ClInclude>
    <ClInclude Include="Managers\CityManager.h">
      <Filter>Header Files\Managers</Filter>
    </ClInclude>
    <ClInclude Include="SkillGroup.h">
      <Filter>Header Files</Filter>
    </ClInclude>
    <ClInclude Include="SelectedObject.h">
      <Filter>Header Files</Filter>
    </ClInclude>
    <ClInclude Include="PressedObject.h">
      <Filter>Header Files</Filter>
    </ClInclude>
    <ClInclude Include="Screen stages\BaseScreen.h">
      <Filter>Header Files\Screen stages</Filter>
    </ClInclude>
    <ClInclude Include="Managers\CreateCharacterManager.h">
      <Filter>Header Files\Managers</Filter>
    </ClInclude>
    <ClInclude Include="Container.h">
      <Filter>Header Files</Filter>
    </ClInclude>
    <ClInclude Include="Profession.h">
      <Filter>Header Files</Filter>
    </ClInclude>
    <ClInclude Include="Managers\ProfessionManager.h">
      <Filter>Header Files\Managers</Filter>
    </ClInclude>
    <ClInclude Include="Managers\SkillGroupManager.h">
      <Filter>Header Files\Managers</Filter>
    </ClInclude>
    <ClInclude Include="GUI\GUICheckbox.h">
      <Filter>Header Files\GUI</Filter>
    </ClInclude>
    <ClInclude Include="GUI\GUIDrawObject.h">
      <Filter>Header Files\GUI</Filter>
    </ClInclude>
    <ClInclude Include="GUI\GUIRadio.h">
      <Filter>Header Files\GUI</Filter>
    </ClInclude>
    <ClInclude Include="GUI\GUIButtonTileart.h">
      <Filter>Header Files\GUI</Filter>
    </ClInclude>
    <ClInclude Include="GUI\GUIGumppic.h">
      <Filter>Header Files\GUI</Filter>
    </ClInclude>
    <ClInclude Include="GUI\GUIGumppicTiled.h">
      <Filter>Header Files\GUI</Filter>
    </ClInclude>
    <ClInclude Include="GUI\GUITilepic.h">
      <Filter>Header Files\GUI</Filter>
    </ClInclude>
    <ClInclude Include="GUI\GUIChecktrans.h">
      <Filter>Header Files\GUI</Filter>
    </ClInclude>
    <ClInclude Include="GUI\GUIPolygonal.h">
      <Filter>Header Files\GUI</Filter>
    </ClInclude>
    <ClInclude Include="GUI\GUIColoredPolygone.h">
      <Filter>Header Files\GUI</Filter>
    </ClInclude>
    <ClInclude Include="GUI\GUIResizepic.h">
      <Filter>Header Files\GUI</Filter>
    </ClInclude>
    <ClInclude Include="GUI\GUIText.h">
      <Filter>Header Files\GUI</Filter>
    </ClInclude>
    <ClInclude Include="GUI\GUITextEntry.h">
      <Filter>Header Files\GUI</Filter>
    </ClInclude>
    <ClInclude Include="GUI\GUIHTMLGump.h">
      <Filter>Header Files\GUI</Filter>
    </ClInclude>
    <ClInclude Include="Screen stages\MainScreen.h">
      <Filter>Header Files\Screen stages</Filter>
    </ClInclude>
    <ClInclude Include="GUI\GUI.h">
      <Filter>Header Files\GUI</Filter>
    </ClInclude>
    <ClInclude Include="OrionApplication.h">
      <Filter>Header Files</Filter>
    </ClInclude>
    <ClInclude Include="Network\Packets.h">
      <Filter>Header Files\Network</Filter>
    </ClInclude>
    <ClInclude Include="Screen stages\ConnectionScreen.h">
      <Filter>Header Files\Screen stages</Filter>
    </ClInclude>
    <ClInclude Include="Screen stages\ServerScreen.h">
      <Filter>Header Files\Screen stages</Filter>
    </ClInclude>
    <ClInclude Include="Screen stages\CharacterListScreen.h">
      <Filter>Header Files\Screen stages</Filter>
    </ClInclude>
    <ClInclude Include="GUI\GUIScissor.h">
      <Filter>Header Files\GUI</Filter>
    </ClInclude>
    <ClInclude Include="GUI\GUISlider.h">
      <Filter>Header Files\GUI</Filter>
    </ClInclude>
    <ClInclude Include="GUI\GUIHTMLSlider.h">
      <Filter>Header Files\GUI</Filter>
    </ClInclude>
    <ClInclude Include="GUI\GUIHTMLButton.h">
      <Filter>Header Files\GUI</Filter>
    </ClInclude>
    <ClInclude Include="GUI\GUIHTMLResizepic.h">
      <Filter>Header Files\GUI</Filter>
    </ClInclude>
    <ClInclude Include="Screen stages\SelectProfessionScreen.h">
      <Filter>Header Files\Screen stages</Filter>
    </ClInclude>
    <ClInclude Include="Gumps\GumpScreenMain.h">
      <Filter>Header Files\Gumps</Filter>
    </ClInclude>
    <ClInclude Include="Gumps\GumpScreenConnection.h">
      <Filter>Header Files\Gumps</Filter>
    </ClInclude>
    <ClInclude Include="Gumps\GumpScreenServer.h">
      <Filter>Header Files\Gumps</Filter>
    </ClInclude>
    <ClInclude Include="Gumps\GumpScreenCharacterList.h">
      <Filter>Header Files\Gumps</Filter>
    </ClInclude>
    <ClInclude Include="Gumps\GumpScreenSelectProfession.h">
      <Filter>Header Files\Gumps</Filter>
    </ClInclude>
    <ClInclude Include="Screen stages\CreateCharacterScreen.h">
      <Filter>Header Files\Screen stages</Filter>
    </ClInclude>
    <ClInclude Include="Gumps\GumpScreenCreateCharacter.h">
      <Filter>Header Files\Gumps</Filter>
    </ClInclude>
    <ClInclude Include="GUI\GUIShader.h">
      <Filter>Header Files\GUI</Filter>
    </ClInclude>
    <ClInclude Include="GUI\GUIHitBox.h">
      <Filter>Header Files\GUI</Filter>
    </ClInclude>
    <ClInclude Include="Screen stages\SelectTownScreen.h">
      <Filter>Header Files\Screen stages</Filter>
    </ClInclude>
    <ClInclude Include="Gumps\GumpScreenSelectTown.h">
      <Filter>Header Files\Gumps</Filter>
    </ClInclude>
    <ClInclude Include="RenderWorldObject.h">
      <Filter>Header Files</Filter>
    </ClInclude>
    <ClInclude Include="QuestArrow.h">
      <Filter>Header Files</Filter>
    </ClInclude>
    <ClInclude Include="GLEngine\GLVector.h">
      <Filter>Header Files\GLEngine</Filter>
    </ClInclude>
    <ClInclude Include="Game objects\MapObject.h">
      <Filter>Header Files\Game objects</Filter>
    </ClInclude>
    <ClInclude Include="Game objects\LandObject.h">
      <Filter>Header Files\Game objects</Filter>
    </ClInclude>
    <ClInclude Include="Game objects\RenderStaticObject.h">
      <Filter>Header Files\Game objects</Filter>
    </ClInclude>
    <ClInclude Include="Game objects\StaticObject.h">
      <Filter>Header Files\Game objects</Filter>
    </ClInclude>
    <ClInclude Include="Game objects\MultiObject.h">
      <Filter>Header Files\Game objects</Filter>
    </ClInclude>
    <ClInclude Include="Multi.h">
      <Filter>Header Files</Filter>
    </ClInclude>
    <ClInclude Include="TextEngine\RenderTextObject.h">
      <Filter>Header Files\TextEngine</Filter>
    </ClInclude>
    <ClInclude Include="TextEngine\TextRenderer.h">
      <Filter>Header Files\TextEngine</Filter>
    </ClInclude>
    <ClInclude Include="ImageBounds.h">
      <Filter>Header Files</Filter>
    </ClInclude>
    <ClInclude Include="TextEngine\TextData.h">
      <Filter>Header Files\TextEngine</Filter>
    </ClInclude>
    <ClInclude Include="TextEngine\TextContainer.h">
      <Filter>Header Files\TextEngine</Filter>
    </ClInclude>
    <ClInclude Include="TextEngine\Journal.h">
      <Filter>Header Files\TextEngine</Filter>
    </ClInclude>
    <ClInclude Include="Managers\MapManager.h">
      <Filter>Header Files\Managers</Filter>
    </ClInclude>
    <ClInclude Include="Target.h">
      <Filter>Header Files</Filter>
    </ClInclude>
    <ClInclude Include="TargetGump.h">
      <Filter>Header Files</Filter>
    </ClInclude>
    <ClInclude Include="Weather.h">
      <Filter>Header Files</Filter>
    </ClInclude>
    <ClInclude Include="WeatherEffect.h">
      <Filter>Header Files</Filter>
    </ClInclude>
    <ClInclude Include="Game objects\GameObject.h">
      <Filter>Header Files\Game objects</Filter>
    </ClInclude>
    <ClInclude Include="Game objects\GameEffect.h">
      <Filter>Header Files\Game objects</Filter>
    </ClInclude>
    <ClInclude Include="Game objects\GameEffectDrag.h">
      <Filter>Header Files\Game objects</Filter>
    </ClInclude>
    <ClInclude Include="Game objects\GameEffectMoving.h">
      <Filter>Header Files\Game objects</Filter>
    </ClInclude>
    <ClInclude Include="Managers\EffectManager.h">
      <Filter>Header Files\Managers</Filter>
    </ClInclude>
    <ClInclude Include="Game objects\GameItem.h">
      <Filter>Header Files\Game objects</Filter>
    </ClInclude>
    <ClInclude Include="Game objects\GameCharacter.h">
      <Filter>Header Files\Game objects</Filter>
    </ClInclude>
    <ClInclude Include="Game objects\GamePlayer.h">
      <Filter>Header Files\Game objects</Filter>
    </ClInclude>
    <ClInclude Include="Game objects\GameWorld.h">
      <Filter>Header Files\Game objects</Filter>
    </ClInclude>
    <ClInclude Include="Game objects\ObjectOnCursor.h">
      <Filter>Header Files\Game objects</Filter>
    </ClInclude>
    <ClInclude Include="Party.h">
      <Filter>Header Files</Filter>
    </ClInclude>
    <ClInclude Include="PartyObject.h">
      <Filter>Header Files</Filter>
    </ClInclude>
    <ClInclude Include="Screen stages\GameScreen.h">
      <Filter>Header Files\Screen stages</Filter>
    </ClInclude>
    <ClInclude Include="Screen stages\GameBlockedScreen.h">
      <Filter>Header Files\Screen stages</Filter>
    </ClInclude>
    <ClInclude Include="Managers\GumpManager.h">
      <Filter>Header Files\Managers</Filter>
    </ClInclude>
    <ClInclude Include="Managers\AnimationManager.h">
      <Filter>Header Files\Managers</Filter>
    </ClInclude>
    <ClInclude Include="TextureObject.h">
      <Filter>Header Files</Filter>
    </ClInclude>
    <ClInclude Include="Gumps\GumpScreenGame.h">
      <Filter>Header Files\Gumps</Filter>
    </ClInclude>
    <ClInclude Include="Game objects\MapBlock.h">
      <Filter>Header Files\Game objects</Filter>
    </ClInclude>
    <ClInclude Include="TextEngine\EntryText.h">
      <Filter>Header Files\TextEngine</Filter>
    </ClInclude>
    <ClInclude Include="TextEngine\GameConsole.h">
      <Filter>Header Files\TextEngine</Filter>
    </ClInclude>
    <ClInclude Include="Walker\FastWalk.h">
      <Filter>Header Files\Walker</Filter>
    </ClInclude>
    <ClInclude Include="Walker\PathFinder.h">
      <Filter>Header Files\Walker</Filter>
    </ClInclude>
    <ClInclude Include="Walker\PathNode.h">
      <Filter>Header Files\Walker</Filter>
    </ClInclude>
    <ClInclude Include="Walker\WalkData.h">
      <Filter>Header Files\Walker</Filter>
    </ClInclude>
    <ClInclude Include="Walker\Walker.h">
      <Filter>Header Files\Walker</Filter>
    </ClInclude>
    <ClInclude Include="Gumps\GumpConsoleType.h">
      <Filter>Header Files\Gumps</Filter>
    </ClInclude>
    <ClInclude Include="Gumps\GumpSpell.h">
      <Filter>Header Files\Gumps</Filter>
    </ClInclude>
    <ClInclude Include="Gumps\GumpMenubar.h">
      <Filter>Header Files\Gumps</Filter>
    </ClInclude>
    <ClInclude Include="Gumps\GumpNotify.h">
      <Filter>Header Files\Gumps</Filter>
    </ClInclude>
    <ClInclude Include="Gumps\GumpDrag.h">
      <Filter>Header Files\Gumps</Filter>
    </ClInclude>
    <ClInclude Include="Gumps\GumpQuestion.h">
      <Filter>Header Files\Gumps</Filter>
    </ClInclude>
    <ClInclude Include="Gumps\GumpPaperdoll.h">
      <Filter>Header Files\Gumps</Filter>
    </ClInclude>
    <ClInclude Include="GUI\GUIDataBox.h">
      <Filter>Header Files\GUI</Filter>
    </ClInclude>
    <ClInclude Include="GUI\GUIResizeButton.h">
      <Filter>Header Files\GUI</Filter>
    </ClInclude>
    <ClInclude Include="GUI\GUIHTMLText.h">
      <Filter>Header Files\GUI</Filter>
    </ClInclude>
    <ClInclude Include="GUI\GUIBlending.h">
      <Filter>Header Files\GUI</Filter>
    </ClInclude>
    <ClInclude Include="GUI\GUIAlphaBlending.h">
      <Filter>Header Files\GUI</Filter>
    </ClInclude>
    <ClInclude Include="Gumps\GumpContainer.h">
      <Filter>Header Files\Gumps</Filter>
    </ClInclude>
    <ClInclude Include="GUI\GUIGumppicHightlighted.h">
      <Filter>Header Files\GUI</Filter>
    </ClInclude>
    <ClInclude Include="GUI\GUITilepicHightlighted.h">
      <Filter>Header Files\GUI</Filter>
    </ClInclude>
    <ClInclude Include="Gumps\GumpMinimap.h">
      <Filter>Header Files\Gumps</Filter>
    </ClInclude>
    <ClInclude Include="GUI\GUIExternalTexture.h">
      <Filter>Header Files\GUI</Filter>
    </ClInclude>
    <ClInclude Include="Gumps\GumpTargetSystem.h">
      <Filter>Header Files\Gumps</Filter>
    </ClInclude>
    <ClInclude Include="Gumps\GumpSelectFont.h">
      <Filter>Header Files\Gumps</Filter>
    </ClInclude>
    <ClInclude Include="Gumps\GumpSelectColor.h">
      <Filter>Header Files\Gumps</Filter>
    </ClInclude>
    <ClInclude Include="Gumps\GumpDye.h">
      <Filter>Header Files\Gumps</Filter>
    </ClInclude>
    <ClInclude Include="Gumps\GumpPopupMenu.h">
      <Filter>Header Files\Gumps</Filter>
    </ClInclude>
    <ClInclude Include="Gumps\GumpBuff.h">
      <Filter>Header Files\Gumps</Filter>
    </ClInclude>
    <ClInclude Include="GUI\GUIBuff.h">
      <Filter>Header Files\GUI</Filter>
    </ClInclude>
    <ClInclude Include="Gumps\GumpStatusbar.h">
      <Filter>Header Files\Gumps</Filter>
    </ClInclude>
    <ClInclude Include="GUI\GUILine.h">
      <Filter>Header Files\GUI</Filter>
    </ClInclude>
    <ClInclude Include="Gumps\GumpPartyManifest.h">
      <Filter>Header Files\Gumps</Filter>
    </ClInclude>
    <ClInclude Include="ClickObject.h">
      <Filter>Header Files</Filter>
    </ClInclude>
    <ClInclude Include="Gumps\GumpSecureTrading.h">
      <Filter>Header Files\Gumps</Filter>
    </ClInclude>
    <ClInclude Include="Gumps\GumpTextEntryDialog.h">
      <Filter>Header Files\Gumps</Filter>
    </ClInclude>
    <ClInclude Include="Gumps\GumpGrayMenu.h">
      <Filter>Header Files\Gumps</Filter>
    </ClInclude>
    <ClInclude Include="Gumps\GumpMenu.h">
      <Filter>Header Files\Gumps</Filter>
    </ClInclude>
    <ClInclude Include="GUI\GUIHTMLHitBox.h">
      <Filter>Header Files\GUI</Filter>
    </ClInclude>
    <ClInclude Include="GUI\GUIMenuObject.h">
      <Filter>Header Files\GUI</Filter>
    </ClInclude>
    <ClInclude Include="Gumps\GumpGeneric.h">
      <Filter>Header Files\Gumps</Filter>
    </ClInclude>
    <ClInclude Include="GUI\GUIGenericText.h">
      <Filter>Header Files\GUI</Filter>
    </ClInclude>
    <ClInclude Include="GUI\GUIGenericTextEntry.h">
      <Filter>Header Files\GUI</Filter>
    </ClInclude>
    <ClInclude Include="Gumps\GumpMap.h">
      <Filter>Header Files\Gumps</Filter>
    </ClInclude>
    <ClInclude Include="GUI\GUIScrollBackground.h">
      <Filter>Header Files\GUI</Filter>
    </ClInclude>
    <ClInclude Include="Gumps\GumpTip.h">
      <Filter>Header Files\Gumps</Filter>
    </ClInclude>
    <ClInclude Include="Gumps\GumpBaseScroll.h">
      <Filter>Header Files\Gumps</Filter>
    </ClInclude>
    <ClInclude Include="Gumps\GumpProfile.h">
      <Filter>Header Files\Gumps</Filter>
    </ClInclude>
    <ClInclude Include="Gumps\GumpBulletinBoardItem.h">
      <Filter>Header Files\Gumps</Filter>
    </ClInclude>
    <ClInclude Include="Gumps\GumpBulletinBoard.h">
      <Filter>Header Files\Gumps</Filter>
    </ClInclude>
    <ClInclude Include="GUI\GUIComboBox.h">
      <Filter>Header Files\GUI</Filter>
    </ClInclude>
    <ClInclude Include="GUI\GUIComboboxText.h">
      <Filter>Header Files\GUI</Filter>
    </ClInclude>
    <ClInclude Include="Gumps\GumpJournal.h">
      <Filter>Header Files\Gumps</Filter>
    </ClInclude>
    <ClInclude Include="Gumps\GumpOptions.h">
      <Filter>Header Files\Gumps</Filter>
    </ClInclude>
    <ClInclude Include="Gumps\GumpSkills.h">
      <Filter>Header Files\Gumps</Filter>
    </ClInclude>
    <ClInclude Include="Gumps\GumpBook.h">
      <Filter>Header Files\Gumps</Filter>
    </ClInclude>
    <ClInclude Include="GUI\GUIMinMaxButtons.h">
      <Filter>Header Files\GUI</Filter>
    </ClInclude>
    <ClInclude Include="GUI\GUIShopItem.h">
      <Filter>Header Files\GUI</Filter>
    </ClInclude>
    <ClInclude Include="GUI\GUIShopResult.h">
      <Filter>Header Files\GUI</Filter>
    </ClInclude>
    <ClInclude Include="Gumps\GumpShop.h">
      <Filter>Header Files\Gumps</Filter>
    </ClInclude>
    <ClInclude Include="Macro.h">
      <Filter>Header Files</Filter>
    </ClInclude>
    <ClInclude Include="Managers\OptionsMacroManager.h">
      <Filter>Header Files\Managers</Filter>
    </ClInclude>
    <ClInclude Include="Managers\MacroManager.h">
      <Filter>Header Files\Managers</Filter>
    </ClInclude>
    <ClInclude Include="Gumps\GumpWorldMap.h">
      <Filter>Header Files\Gumps</Filter>
    </ClInclude>
    <ClInclude Include="GUI\GUIWorldMapTexture.h">
      <Filter>Header Files\GUI</Filter>
    </ClInclude>
    <ClInclude Include="GUI\GUISkillItem.h">
      <Filter>Header Files\GUI</Filter>
    </ClInclude>
    <ClInclude Include="GUI\GUISkillGroup.h">
      <Filter>Header Files\GUI</Filter>
    </ClInclude>
    <ClInclude Include="Gumps\GumpSpellbook.h">
      <Filter>Header Files\Gumps</Filter>
    </ClInclude>
    <ClInclude Include="Managers\PluginManager.h">
      <Filter>Header Files\Managers</Filter>
    </ClInclude>
    <ClInclude Include="CommonInterfaces.h">
      <Filter>Header Files</Filter>
    </ClInclude>
    <ClInclude Include="PluginInterface.h">
      <Filter>Header Files</Filter>
    </ClInclude>
    <ClInclude Include="Wisp\WispDefinitions.h">
      <Filter>Header Files\Wisp</Filter>
    </ClInclude>
    <ClInclude Include="StumpsData.h">
      <Filter>Header Files</Filter>
    </ClInclude>
    <ClInclude Include="bassmidi.h">
      <Filter>Header Files</Filter>
    </ClInclude>
    <ClInclude Include="Managers\ScreenEffectManager.h">
      <Filter>Header Files\Managers</Filter>
    </ClInclude>
    <ClInclude Include="Gumps\GumpSkill.h">
      <Filter>Header Files\Gumps</Filter>
    </ClInclude>
    <ClInclude Include="GUI\GUITilepicScaled.h">
      <Filter>Header Files\GUI</Filter>
    </ClInclude>
    <ClInclude Include="ExceptionFilter.h">
      <Filter>Header Files</Filter>
    </ClInclude>
    <ClInclude Include="Managers\UOFileReader.h">
      <Filter>Header Files\Managers</Filter>
    </ClInclude>
    <ClInclude Include="VMQuery.h">
      <Filter>Header Files</Filter>
    </ClInclude>
    <ClInclude Include="Gumps\GumpCombatBook.h">
      <Filter>Header Files\Gumps</Filter>
    </ClInclude>
    <ClInclude Include="Gumps\GumpAbility.h">
      <Filter>Header Files\Gumps</Filter>
    </ClInclude>
    <ClInclude Include="GUI\GUIGlobalColor.h">
      <Filter>Header Files\GUI</Filter>
    </ClInclude>
    <ClInclude Include="Gumps\GumpRacialAbilitiesBook.h">
      <Filter>Header Files\Gumps</Filter>
    </ClInclude>
    <ClInclude Include="Gumps\GumpRacialAbility.h">
      <Filter>Header Files\Gumps</Filter>
    </ClInclude>
    <ClInclude Include="StackWalker.h">
      <Filter>Header Files</Filter>
    </ClInclude>
    <ClInclude Include="OrionStackWalker.h">
      <Filter>Header Files</Filter>
    </ClInclude>
    <ClInclude Include="targetver.h">
      <Filter>Header Files</Filter>
    </ClInclude>
    <ClInclude Include="GUI\GUIVirtureGump.h">
      <Filter>Header Files\GUI</Filter>
    </ClInclude>
    <ClInclude Include="stdafx.h">
      <Filter>Header Files</Filter>
    </ClInclude>
    <ClInclude Include="Utility\AutoResetEvent.h">
      <Filter>Header Files\Utility</Filter>
    </ClInclude>
    <ClInclude Include="Managers\CorpseManager.h">
      <Filter>Header Files\Managers</Filter>
    </ClInclude>
    <ClInclude Include="DateTimeStamp.h">
      <Filter>Header Files</Filter>
    </ClInclude>
    <ClInclude Include="UseItemsList.h">
      <Filter>Header Files</Filter>
    </ClInclude>
    <ClInclude Include="ContainerStack.h">
      <Filter>Header Files</Filter>
    </ClInclude>
    <ClInclude Include="Gumps\GumpCustomHouse.h">
      <Filter>Header Files\Gumps</Filter>
    </ClInclude>
    <ClInclude Include="Game objects\CustomHouseObjects.h">
      <Filter>Header Files\Game objects</Filter>
    </ClInclude>
    <ClInclude Include="Game objects\CustomHouseMultiObject.h">
      <Filter>Header Files\Game objects</Filter>
    </ClInclude>
    <ClInclude Include="Managers\CustomHousesManager.h">
      <Filter>Header Files\Managers</Filter>
    </ClInclude>
    <ClInclude Include="Managers\SkillsManager.h">
      <Filter>Header Files\Managers</Filter>
    </ClInclude>
    <ClInclude Include="Managers\IntlocManager.h">
      <Filter>Header Files\Managers</Filter>
    </ClInclude>
  </ItemGroup>
  <ItemGroup>
    <ClCompile Include="OrionUO.cpp">
      <Filter>Source Files</Filter>
    </ClCompile>
    <ClCompile Include="Wisp\WispApplication.cpp">
      <Filter>Source Files\Wisp</Filter>
    </ClCompile>
    <ClCompile Include="Wisp\WispConnection.cpp">
      <Filter>Source Files\Wisp</Filter>
    </ClCompile>
    <ClCompile Include="Wisp\WispDataStream.cpp">
      <Filter>Source Files\Wisp</Filter>
    </ClCompile>
    <ClCompile Include="Wisp\WispGeometry.cpp">
      <Filter>Source Files\Wisp</Filter>
    </ClCompile>
    <ClCompile Include="Wisp\WispGlobal.cpp">
      <Filter>Source Files\Wisp</Filter>
    </ClCompile>
    <ClCompile Include="Wisp\WispMappedFile.cpp">
      <Filter>Source Files\Wisp</Filter>
    </ClCompile>
    <ClCompile Include="Wisp\WispMouse.cpp">
      <Filter>Source Files\Wisp</Filter>
    </ClCompile>
    <ClCompile Include="Wisp\WispPacketMessage.cpp">
      <Filter>Source Files\Wisp</Filter>
    </ClCompile>
    <ClCompile Include="Wisp\WispPacketReader.cpp">
      <Filter>Source Files\Wisp</Filter>
    </ClCompile>
    <ClCompile Include="Wisp\WispTextFileParser.cpp">
      <Filter>Source Files\Wisp</Filter>
    </ClCompile>
    <ClCompile Include="Wisp\WispThread.cpp">
      <Filter>Source Files\Wisp</Filter>
    </ClCompile>
    <ClCompile Include="Wisp\WispThreadedTimer.cpp">
      <Filter>Source Files\Wisp</Filter>
    </ClCompile>
    <ClCompile Include="Wisp\WispWindow.cpp">
      <Filter>Source Files\Wisp</Filter>
    </ClCompile>
    <ClCompile Include="OrionWindow.cpp">
      <Filter>Source Files</Filter>
    </ClCompile>
    <ClCompile Include="Wisp\WispLogger.cpp">
      <Filter>Source Files\Wisp</Filter>
    </ClCompile>
    <ClCompile Include="GLEngine\GLTexture.cpp">
      <Filter>Source Files\GLEngine</Filter>
    </ClCompile>
    <ClCompile Include="GLEngine\GLTextTexture.cpp">
      <Filter>Source Files\GLEngine</Filter>
    </ClCompile>
    <ClCompile Include="GLEngine\GLEngine.cpp">
      <Filter>Source Files\GLEngine</Filter>
    </ClCompile>
    <ClCompile Include="IndexObject.cpp">
      <Filter>Source Files</Filter>
    </ClCompile>
    <ClCompile Include="Network\UOHuffman.cpp">
      <Filter>Source Files\Network</Filter>
    </ClCompile>
    <ClCompile Include="Managers\ConnectionManager.cpp">
      <Filter>Source Files\Managers</Filter>
    </ClCompile>
    <ClCompile Include="Network\Connection.cpp">
      <Filter>Source Files\Network</Filter>
    </ClCompile>
    <ClCompile Include="Globals.cpp">
      <Filter>Source Files</Filter>
    </ClCompile>
    <ClCompile Include="Managers\PacketManager.cpp">
      <Filter>Source Files\Managers</Filter>
    </ClCompile>
    <ClCompile Include="BaseQueue.cpp">
      <Filter>Source Files</Filter>
    </ClCompile>
    <ClCompile Include="Managers\FileManager.cpp">
      <Filter>Source Files\Managers</Filter>
    </ClCompile>
    <ClCompile Include="Managers\ColorManager.cpp">
      <Filter>Source Files\Managers</Filter>
    </ClCompile>
    <ClCompile Include="Managers\MouseManager.cpp">
      <Filter>Source Files\Managers</Filter>
    </ClCompile>
    <ClCompile Include="CharacterList.cpp">
      <Filter>Source Files</Filter>
    </ClCompile>
    <ClCompile Include="ServerList.cpp">
      <Filter>Source Files</Filter>
    </ClCompile>
    <ClCompile Include="MultiMap.cpp">
      <Filter>Source Files</Filter>
    </ClCompile>
    <ClCompile Include="ScreenshotBuilder.cpp">
      <Filter>Source Files</Filter>
    </ClCompile>
    <ClCompile Include="GLEngine\GLHTMLTextTexture.cpp">
      <Filter>Source Files\GLEngine</Filter>
    </ClCompile>
    <ClCompile Include="GLEngine\GLTextureCircleOfTransparency.cpp">
      <Filter>Source Files\GLEngine</Filter>
    </ClCompile>
    <ClCompile Include="Managers\ConfigManager.cpp">
      <Filter>Source Files\Managers</Filter>
    </ClCompile>
    <ClCompile Include="Wisp\WispBinaryFileWritter.cpp">
      <Filter>Source Files\Wisp</Filter>
    </ClCompile>
    <ClCompile Include="Managers\SoundManager.cpp">
      <Filter>Source Files\Managers</Filter>
    </ClCompile>
    <ClCompile Include="Managers\ClilocManager.cpp">
      <Filter>Source Files\Managers</Filter>
    </ClCompile>
    <ClCompile Include="GLEngine\GLFrameBuffer.cpp">
      <Filter>Source Files\GLEngine</Filter>
    </ClCompile>
    <ClCompile Include="GLEngine\GLShader.cpp">
      <Filter>Source Files\GLEngine</Filter>
    </ClCompile>
    <ClCompile Include="ToolTip.cpp">
      <Filter>Source Files</Filter>
    </ClCompile>
    <ClCompile Include="Managers\FontsManager.cpp">
      <Filter>Source Files\Managers</Filter>
    </ClCompile>
    <ClCompile Include="Gumps\Gump.cpp">
      <Filter>Source Files\Gumps</Filter>
    </ClCompile>
    <ClCompile Include="RenderObject.cpp">
      <Filter>Source Files</Filter>
    </ClCompile>
    <ClCompile Include="GUI\BaseGUI.cpp">
      <Filter>Source Files\GUI</Filter>
    </ClCompile>
    <ClCompile Include="GUI\GUIButton.cpp">
      <Filter>Source Files\GUI</Filter>
    </ClCompile>
    <ClCompile Include="GUI\GUIPage.cpp">
      <Filter>Source Files\GUI</Filter>
    </ClCompile>
    <ClCompile Include="GUI\GUIGroup.cpp">
      <Filter>Source Files\GUI</Filter>
    </ClCompile>
    <ClCompile Include="Managers\SpeechManager.cpp">
      <Filter>Source Files\Managers</Filter>
    </ClCompile>
    <ClCompile Include="CityList.cpp">
      <Filter>Source Files</Filter>
    </ClCompile>
    <ClCompile Include="Managers\CityManager.cpp">
      <Filter>Source Files\Managers</Filter>
    </ClCompile>
    <ClCompile Include="SkillGroup.cpp">
      <Filter>Source Files</Filter>
    </ClCompile>
    <ClCompile Include="SelectedObject.cpp">
      <Filter>Source Files</Filter>
    </ClCompile>
    <ClCompile Include="PressedObject.cpp">
      <Filter>Source Files</Filter>
    </ClCompile>
    <ClCompile Include="Screen stages\BaseScreen.cpp">
      <Filter>Source Files\Screen stages</Filter>
    </ClCompile>
    <ClCompile Include="Managers\CreateCharacterManager.cpp">
      <Filter>Source Files\Managers</Filter>
    </ClCompile>
    <ClCompile Include="Container.cpp">
      <Filter>Source Files</Filter>
    </ClCompile>
    <ClCompile Include="Profession.cpp">
      <Filter>Source Files</Filter>
    </ClCompile>
    <ClCompile Include="Managers\ProfessionManager.cpp">
      <Filter>Source Files\Managers</Filter>
    </ClCompile>
    <ClCompile Include="Managers\SkillGroupManager.cpp">
      <Filter>Source Files\Managers</Filter>
    </ClCompile>
    <ClCompile Include="GUI\GUICheckbox.cpp">
      <Filter>Source Files\GUI</Filter>
    </ClCompile>
    <ClCompile Include="GUI\GUIDrawObject.cpp">
      <Filter>Source Files\GUI</Filter>
    </ClCompile>
    <ClCompile Include="GUI\GUIRadio.cpp">
      <Filter>Source Files\GUI</Filter>
    </ClCompile>
    <ClCompile Include="GUI\GUIButtonTileart.cpp">
      <Filter>Source Files\GUI</Filter>
    </ClCompile>
    <ClCompile Include="GUI\GUIGumppic.cpp">
      <Filter>Source Files\GUI</Filter>
    </ClCompile>
    <ClCompile Include="GUI\GUIGumppicTiled.cpp">
      <Filter>Source Files\GUI</Filter>
    </ClCompile>
    <ClCompile Include="GUI\GUITilepic.cpp">
      <Filter>Source Files\GUI</Filter>
    </ClCompile>
    <ClCompile Include="GUI\GUIChecktrans.cpp">
      <Filter>Source Files\GUI</Filter>
    </ClCompile>
    <ClCompile Include="GUI\GUIPolygonal.cpp">
      <Filter>Source Files\GUI</Filter>
    </ClCompile>
    <ClCompile Include="GUI\GUIColoredPolygone.cpp">
      <Filter>Source Files\GUI</Filter>
    </ClCompile>
    <ClCompile Include="GUI\GUIResizepic.cpp">
      <Filter>Source Files\GUI</Filter>
    </ClCompile>
    <ClCompile Include="GUI\GUIText.cpp">
      <Filter>Source Files\GUI</Filter>
    </ClCompile>
    <ClCompile Include="GUI\GUITextEntry.cpp">
      <Filter>Source Files\GUI</Filter>
    </ClCompile>
    <ClCompile Include="GUI\GUIHTMLGump.cpp">
      <Filter>Source Files\GUI</Filter>
    </ClCompile>
    <ClCompile Include="Screen stages\MainScreen.cpp">
      <Filter>Source Files\Screen stages</Filter>
    </ClCompile>
    <ClCompile Include="OrionApplication.cpp">
      <Filter>Source Files</Filter>
    </ClCompile>
    <ClCompile Include="Network\Packets.cpp">
      <Filter>Source Files\Network</Filter>
    </ClCompile>
    <ClCompile Include="Screen stages\ConnectionScreen.cpp">
      <Filter>Source Files\Screen stages</Filter>
    </ClCompile>
    <ClCompile Include="Screen stages\ServerScreen.cpp">
      <Filter>Source Files\Screen stages</Filter>
    </ClCompile>
    <ClCompile Include="Screen stages\CharacterListScreen.cpp">
      <Filter>Source Files\Screen stages</Filter>
    </ClCompile>
    <ClCompile Include="GUI\GUIScissor.cpp">
      <Filter>Source Files\GUI</Filter>
    </ClCompile>
    <ClCompile Include="GUI\GUISlider.cpp">
      <Filter>Source Files\GUI</Filter>
    </ClCompile>
    <ClCompile Include="GUI\GUIHTMLSlider.cpp">
      <Filter>Source Files\GUI</Filter>
    </ClCompile>
    <ClCompile Include="GUI\GUIHTMLButton.cpp">
      <Filter>Source Files\GUI</Filter>
    </ClCompile>
    <ClCompile Include="GUI\GUIHTMLResizepic.cpp">
      <Filter>Source Files\GUI</Filter>
    </ClCompile>
    <ClCompile Include="Screen stages\SelectProfessionScreen.cpp">
      <Filter>Source Files\Screen stages</Filter>
    </ClCompile>
    <ClCompile Include="Gumps\GumpScreenMain.cpp">
      <Filter>Source Files\Gumps</Filter>
    </ClCompile>
    <ClCompile Include="Gumps\GumpScreenConnection.cpp">
      <Filter>Source Files\Gumps</Filter>
    </ClCompile>
    <ClCompile Include="Gumps\GumpScreenServer.cpp">
      <Filter>Source Files\Gumps</Filter>
    </ClCompile>
    <ClCompile Include="Gumps\GumpScreenCharacterList.cpp">
      <Filter>Source Files\Gumps</Filter>
    </ClCompile>
    <ClCompile Include="Gumps\GumpScreenSelectProfession.cpp">
      <Filter>Source Files\Gumps</Filter>
    </ClCompile>
    <ClCompile Include="Screen stages\CreateCharacterScreen.cpp">
      <Filter>Source Files\Screen stages</Filter>
    </ClCompile>
    <ClCompile Include="Gumps\GumpScreenCreateCharacter.cpp">
      <Filter>Source Files\Gumps</Filter>
    </ClCompile>
    <ClCompile Include="GUI\GUIShader.cpp">
      <Filter>Source Files\GUI</Filter>
    </ClCompile>
    <ClCompile Include="GUI\GUIHitBox.cpp">
      <Filter>Source Files\GUI</Filter>
    </ClCompile>
    <ClCompile Include="Screen stages\SelectTownScreen.cpp">
      <Filter>Source Files\Screen stages</Filter>
    </ClCompile>
    <ClCompile Include="Gumps\GumpScreenSelectTown.cpp">
      <Filter>Source Files\Gumps</Filter>
    </ClCompile>
    <ClCompile Include="RenderWorldObject.cpp">
      <Filter>Source Files</Filter>
    </ClCompile>
    <ClCompile Include="QuestArrow.cpp">
      <Filter>Source Files</Filter>
    </ClCompile>
    <ClCompile Include="GLEngine\GLVector.cpp">
      <Filter>Source Files\GLEngine</Filter>
    </ClCompile>
    <ClCompile Include="Game objects\MapObject.cpp">
      <Filter>Source Files\Game objects</Filter>
    </ClCompile>
    <ClCompile Include="Game objects\LandObject.cpp">
      <Filter>Source Files\Game objects</Filter>
    </ClCompile>
    <ClCompile Include="Game objects\RenderStaticObject.cpp">
      <Filter>Source Files\Game objects</Filter>
    </ClCompile>
    <ClCompile Include="Game objects\StaticObject.cpp">
      <Filter>Source Files\Game objects</Filter>
    </ClCompile>
    <ClCompile Include="Game objects\MultiObject.cpp">
      <Filter>Source Files\Game objects</Filter>
    </ClCompile>
    <ClCompile Include="Multi.cpp">
      <Filter>Source Files</Filter>
    </ClCompile>
    <ClCompile Include="TextEngine\RenderTextObject.cpp">
      <Filter>Source Files\TextEngine</Filter>
    </ClCompile>
    <ClCompile Include="TextEngine\TextRenderer.cpp">
      <Filter>Source Files\TextEngine</Filter>
    </ClCompile>
    <ClCompile Include="ImageBounds.cpp">
      <Filter>Source Files</Filter>
    </ClCompile>
    <ClCompile Include="TextEngine\TextData.cpp">
      <Filter>Source Files\TextEngine</Filter>
    </ClCompile>
    <ClCompile Include="TextEngine\TextContainer.cpp">
      <Filter>Source Files\TextEngine</Filter>
    </ClCompile>
    <ClCompile Include="TextEngine\Journal.cpp">
      <Filter>Source Files\TextEngine</Filter>
    </ClCompile>
    <ClCompile Include="Managers\MapManager.cpp">
      <Filter>Source Files\Managers</Filter>
    </ClCompile>
    <ClCompile Include="Target.cpp">
      <Filter>Source Files</Filter>
    </ClCompile>
    <ClCompile Include="TargetGump.cpp">
      <Filter>Source Files</Filter>
    </ClCompile>
    <ClCompile Include="Weather.cpp">
      <Filter>Source Files</Filter>
    </ClCompile>
    <ClCompile Include="WeatherEffeect.cpp">
      <Filter>Source Files</Filter>
    </ClCompile>
    <ClCompile Include="Game objects\GameObject.cpp">
      <Filter>Source Files\Game objects</Filter>
    </ClCompile>
    <ClCompile Include="Game objects\GameEffect.cpp">
      <Filter>Source Files\Game objects</Filter>
    </ClCompile>
    <ClCompile Include="Game objects\GameEffectMoving.cpp">
      <Filter>Source Files\Game objects</Filter>
    </ClCompile>
    <ClCompile Include="Game objects\GameEffectDrag.cpp">
      <Filter>Source Files\Game objects</Filter>
    </ClCompile>
    <ClCompile Include="Managers\EffectManager.cpp">
      <Filter>Source Files\Managers</Filter>
    </ClCompile>
    <ClCompile Include="Game objects\GameItem.cpp">
      <Filter>Source Files\Game objects</Filter>
    </ClCompile>
    <ClCompile Include="Game objects\GameCharacter.cpp">
      <Filter>Source Files\Game objects</Filter>
    </ClCompile>
    <ClCompile Include="Game objects\GamePlayer.cpp">
      <Filter>Source Files\Game objects</Filter>
    </ClCompile>
    <ClCompile Include="Game objects\GameWorld.cpp">
      <Filter>Source Files\Game objects</Filter>
    </ClCompile>
    <ClCompile Include="Game objects\ObjectOnCursor.cpp">
      <Filter>Source Files\Game objects</Filter>
    </ClCompile>
    <ClCompile Include="Party.cpp">
      <Filter>Source Files</Filter>
    </ClCompile>
    <ClCompile Include="PartyObject.cpp">
      <Filter>Source Files</Filter>
    </ClCompile>
    <ClCompile Include="Screen stages\GameScreen.cpp">
      <Filter>Source Files\Screen stages</Filter>
    </ClCompile>
    <ClCompile Include="Screen stages\GameBlockedScreen.cpp">
      <Filter>Source Files\Screen stages</Filter>
    </ClCompile>
    <ClCompile Include="Managers\GumpManager.cpp">
      <Filter>Source Files\Managers</Filter>
    </ClCompile>
    <ClCompile Include="Managers\AnimationManager.cpp">
      <Filter>Source Files\Managers</Filter>
    </ClCompile>
    <ClCompile Include="TextureObject.cpp">
      <Filter>Source Files</Filter>
    </ClCompile>
    <ClCompile Include="Gumps\GumpScreenGame.cpp">
      <Filter>Source Files\Gumps</Filter>
    </ClCompile>
    <ClCompile Include="Game objects\MapBlock.cpp">
      <Filter>Source Files\Game objects</Filter>
    </ClCompile>
    <ClCompile Include="TextEngine\EntryText.cpp">
      <Filter>Source Files\TextEngine</Filter>
    </ClCompile>
    <ClCompile Include="TextEngine\GameConsole.cpp">
      <Filter>Source Files\TextEngine</Filter>
    </ClCompile>
    <ClCompile Include="Walker\FastWalk.cpp">
      <Filter>Source Files\Walker</Filter>
    </ClCompile>
    <ClCompile Include="Walker\PathFinder.cpp">
      <Filter>Source Files\Walker</Filter>
    </ClCompile>
    <ClCompile Include="Walker\PathNode.cpp">
      <Filter>Source Files\Walker</Filter>
    </ClCompile>
    <ClCompile Include="Walker\WalkData.cpp">
      <Filter>Source Files\Walker</Filter>
    </ClCompile>
    <ClCompile Include="Walker\Walker.cpp">
      <Filter>Source Files\Walker</Filter>
    </ClCompile>
    <ClCompile Include="Gumps\GumpConsoleType.cpp">
      <Filter>Source Files\Gumps</Filter>
    </ClCompile>
    <ClCompile Include="Gumps\GumpSpell.cpp">
      <Filter>Source Files\Gumps</Filter>
    </ClCompile>
    <ClCompile Include="Gumps\GumpMenubar.cpp">
      <Filter>Source Files\Gumps</Filter>
    </ClCompile>
    <ClCompile Include="Gumps\GumpNotify.cpp">
      <Filter>Source Files\Gumps</Filter>
    </ClCompile>
    <ClCompile Include="Gumps\GumpDrag.cpp">
      <Filter>Source Files\Gumps</Filter>
    </ClCompile>
    <ClCompile Include="Gumps\GumpQuestion.cpp">
      <Filter>Source Files\Gumps</Filter>
    </ClCompile>
    <ClCompile Include="Gumps\GumpPaperdoll.cpp">
      <Filter>Source Files\Gumps</Filter>
    </ClCompile>
    <ClCompile Include="GUI\GUIDataBox.cpp">
      <Filter>Source Files\GUI</Filter>
    </ClCompile>
    <ClCompile Include="GUI\GUIResizeButton.cpp">
      <Filter>Source Files\GUI</Filter>
    </ClCompile>
    <ClCompile Include="GUI\GUIHTMLText.cpp">
      <Filter>Source Files\GUI</Filter>
    </ClCompile>
    <ClCompile Include="GUI\GUIBlending.cpp">
      <Filter>Source Files\GUI</Filter>
    </ClCompile>
    <ClCompile Include="GUI\GUIAlphaBlending.cpp">
      <Filter>Source Files\GUI</Filter>
    </ClCompile>
    <ClCompile Include="Gumps\GumpContainer.cpp">
      <Filter>Source Files\Gumps</Filter>
    </ClCompile>
    <ClCompile Include="GUI\GUIGumppicHightlighted.cpp">
      <Filter>Source Files\GUI</Filter>
    </ClCompile>
    <ClCompile Include="GUI\GUITilepicHightlighted.cpp">
      <Filter>Source Files\GUI</Filter>
    </ClCompile>
    <ClCompile Include="Gumps\GumpMinimap.cpp">
      <Filter>Source Files\Gumps</Filter>
    </ClCompile>
    <ClCompile Include="GUI\GUIExternalTexture.cpp">
      <Filter>Source Files\GUI</Filter>
    </ClCompile>
    <ClCompile Include="Gumps\GumpTargetSystem.cpp">
      <Filter>Source Files\Gumps</Filter>
    </ClCompile>
    <ClCompile Include="Gumps\GumpSelectFont.cpp">
      <Filter>Source Files\Gumps</Filter>
    </ClCompile>
    <ClCompile Include="Gumps\GumpSelectColor.cpp">
      <Filter>Source Files\Gumps</Filter>
    </ClCompile>
    <ClCompile Include="Gumps\GumpDye.cpp">
      <Filter>Source Files\Gumps</Filter>
    </ClCompile>
    <ClCompile Include="Gumps\GumpPopupMenu.cpp">
      <Filter>Source Files\Gumps</Filter>
    </ClCompile>
    <ClCompile Include="Gumps\GumpBuff.cpp">
      <Filter>Source Files\Gumps</Filter>
    </ClCompile>
    <ClCompile Include="GUI\GUIBuff.cpp">
      <Filter>Source Files\GUI</Filter>
    </ClCompile>
    <ClCompile Include="Gumps\GumpStatusbar.cpp">
      <Filter>Source Files\Gumps</Filter>
    </ClCompile>
    <ClCompile Include="GUI\GUILine.cpp">
      <Filter>Source Files\GUI</Filter>
    </ClCompile>
    <ClCompile Include="Gumps\GumpPartyManifest.cpp">
      <Filter>Source Files\Gumps</Filter>
    </ClCompile>
    <ClCompile Include="ClickObject.cpp">
      <Filter>Source Files</Filter>
    </ClCompile>
    <ClCompile Include="Gumps\GumpSecureTrading.cpp">
      <Filter>Source Files\Gumps</Filter>
    </ClCompile>
    <ClCompile Include="Gumps\GumpTextEntryDialog.cpp">
      <Filter>Source Files\Gumps</Filter>
    </ClCompile>
    <ClCompile Include="Gumps\GumpGrayMenu.cpp">
      <Filter>Source Files\Gumps</Filter>
    </ClCompile>
    <ClCompile Include="Gumps\GumpMenu.cpp">
      <Filter>Source Files\Gumps</Filter>
    </ClCompile>
    <ClCompile Include="GUI\GUIHTMLHitBox.cpp">
      <Filter>Source Files\GUI</Filter>
    </ClCompile>
    <ClCompile Include="GUI\GUIMenuObject.cpp">
      <Filter>Source Files\GUI</Filter>
    </ClCompile>
    <ClCompile Include="Gumps\GumpGeneric.cpp">
      <Filter>Source Files\Gumps</Filter>
    </ClCompile>
    <ClCompile Include="GUI\GUIGenericText.cpp">
      <Filter>Source Files\GUI</Filter>
    </ClCompile>
    <ClCompile Include="GUI\GUIGenericTextEntry.cpp">
      <Filter>Source Files\GUI</Filter>
    </ClCompile>
    <ClCompile Include="Gumps\GumpMap.cpp">
      <Filter>Source Files\Gumps</Filter>
    </ClCompile>
    <ClCompile Include="GUI\GUIScrollBackground.cpp">
      <Filter>Source Files\GUI</Filter>
    </ClCompile>
    <ClCompile Include="Gumps\GumpTip.cpp">
      <Filter>Source Files\Gumps</Filter>
    </ClCompile>
    <ClCompile Include="Gumps\GumpBaseScroll.cpp">
      <Filter>Source Files\Gumps</Filter>
    </ClCompile>
    <ClCompile Include="Gumps\GumpProfile.cpp">
      <Filter>Source Files\Gumps</Filter>
    </ClCompile>
    <ClCompile Include="Gumps\GumpBulletinBoard.cpp">
      <Filter>Source Files\Gumps</Filter>
    </ClCompile>
    <ClCompile Include="Gumps\GumpBulletinBoardItem.cpp">
      <Filter>Source Files\Gumps</Filter>
    </ClCompile>
    <ClCompile Include="GUI\GUIBulletinBoardObject.cpp">
      <Filter>Source Files\GUI</Filter>
    </ClCompile>
    <ClCompile Include="GUI\GUIComboBox.cpp">
      <Filter>Source Files\GUI</Filter>
    </ClCompile>
    <ClCompile Include="GUI\GUIComboboxText.cpp">
      <Filter>Source Files\GUI</Filter>
    </ClCompile>
    <ClCompile Include="Gumps\GumpJournal.cpp">
      <Filter>Source Files\Gumps</Filter>
    </ClCompile>
    <ClCompile Include="Gumps\GumpOptions.cpp">
      <Filter>Source Files\Gumps</Filter>
    </ClCompile>
    <ClCompile Include="Gumps\GumpSkills.cpp">
      <Filter>Source Files\Gumps</Filter>
    </ClCompile>
    <ClCompile Include="Gumps\GumpBook.cpp">
      <Filter>Source Files\Gumps</Filter>
    </ClCompile>
    <ClCompile Include="GUI\GUIMinMaxButtons.cpp">
      <Filter>Source Files\GUI</Filter>
    </ClCompile>
    <ClCompile Include="GUI\GUIShopItem.cpp">
      <Filter>Source Files\GUI</Filter>
    </ClCompile>
    <ClCompile Include="GUI\GUIShopResult.cpp">
      <Filter>Source Files\GUI</Filter>
    </ClCompile>
    <ClCompile Include="Gumps\GumpShop.cpp">
      <Filter>Source Files\Gumps</Filter>
    </ClCompile>
    <ClCompile Include="Macro.cpp">
      <Filter>Source Files</Filter>
    </ClCompile>
    <ClCompile Include="Managers\OptionsMacroManager.cpp">
      <Filter>Source Files\Managers</Filter>
    </ClCompile>
    <ClCompile Include="Managers\MacroManager.cpp">
      <Filter>Source Files\Managers</Filter>
    </ClCompile>
    <ClCompile Include="Gumps\GumpWorldMap.cpp">
      <Filter>Source Files\Gumps</Filter>
    </ClCompile>
    <ClCompile Include="GUI\GUIWorldMapTexture.cpp">
      <Filter>Source Files\GUI</Filter>
    </ClCompile>
    <ClCompile Include="GUI\GUISkillItem.cpp">
      <Filter>Source Files\GUI</Filter>
    </ClCompile>
    <ClCompile Include="GUI\GUISkillGroup.cpp">
      <Filter>Source Files\GUI</Filter>
    </ClCompile>
    <ClCompile Include="Gumps\GumpSpellbook.cpp">
      <Filter>Source Files\Gumps</Filter>
    </ClCompile>
    <ClCompile Include="CommonInterfaces.cpp">
      <Filter>Source Files</Filter>
    </ClCompile>
    <ClCompile Include="Managers\PluginManager.cpp">
      <Filter>Source Files\Managers</Filter>
    </ClCompile>
    <ClCompile Include="Managers\ScreenEffectManager.cpp">
      <Filter>Source Files\Managers</Filter>
    </ClCompile>
    <ClCompile Include="Gumps\GumpSkill.cpp">
      <Filter>Source Files\Gumps</Filter>
    </ClCompile>
    <ClCompile Include="GUI\GUITilepicScaled.cpp">
      <Filter>Source Files\GUI</Filter>
    </ClCompile>
    <ClCompile Include="ExceptionFilter.cpp">
      <Filter>Source Files</Filter>
    </ClCompile>
    <ClCompile Include="VMQuery.cpp">
      <Filter>Source Files</Filter>
    </ClCompile>
    <ClCompile Include="Gumps\GumpCombatBook.cpp">
      <Filter>Source Files\Gumps</Filter>
    </ClCompile>
    <ClCompile Include="Gumps\GumpAbility.cpp">
      <Filter>Source Files\Gumps</Filter>
    </ClCompile>
    <ClCompile Include="GUI\GUIGlobalColor.cpp">
      <Filter>Source Files\GUI</Filter>
    </ClCompile>
    <ClCompile Include="Gumps\GumpRacialAbilitiesBook.cpp">
      <Filter>Source Files\Gumps</Filter>
    </ClCompile>
    <ClCompile Include="Gumps\GumpRacialAbility.cpp">
      <Filter>Source Files\Gumps</Filter>
    </ClCompile>
    <ClCompile Include="GUI\GUIVirtireGump.cpp">
      <Filter>Source Files\GUI</Filter>
    </ClCompile>
    <ClCompile Include="StackWalker.cpp">
      <Filter>Source Files</Filter>
    </ClCompile>
    <ClCompile Include="stdafx.cpp">
      <Filter>Source Files</Filter>
    </ClCompile>
    <ClCompile Include="Utility\AutoResetEvent.cpp">
      <Filter>Source Files\Utility</Filter>
    </ClCompile>
    <ClCompile Include="Managers\CorpseManager.cpp">
      <Filter>Source Files\Managers</Filter>
    </ClCompile>
    <ClCompile Include="DateTimeStamp.cpp">
      <Filter>Source Files</Filter>
    </ClCompile>
    <ClCompile Include="UseItemsList.cpp">
      <Filter>Source Files</Filter>
    </ClCompile>
    <ClCompile Include="ContainerStack.cpp">
      <Filter>Source Files</Filter>
    </ClCompile>
    <ClCompile Include="Gumps\GumpCustomHouse.cpp">
      <Filter>Source Files\Gumps</Filter>
    </ClCompile>
    <ClCompile Include="Game objects\CustomHouseObjects.cpp">
      <Filter>Source Files\Game objects</Filter>
    </ClCompile>
    <ClCompile Include="Game objects\CustomHouseMultiObject.cpp">
      <Filter>Source Files\Game objects</Filter>
    </ClCompile>
    <ClCompile Include="Managers\CustomHousesManager.cpp">
      <Filter>Source Files\Managers</Filter>
    </ClCompile>
    <ClCompile Include="Managers\UOFileReader.cpp">
      <Filter>Source Files\Managers</Filter>
    </ClCompile>
    <ClCompile Include="Managers\SkillsManager.cpp">
      <Filter>Source Files\Managers</Filter>
    </ClCompile>
    <ClCompile Include="Managers\IntlocManager.cpp">
      <Filter>Source Files\Managers</Filter>
    </ClCompile>
  </ItemGroup>
  <ItemGroup>
    <ResourceCompile Include="OrionUO.rc">
      <Filter>Resource Files</Filter>
    </ResourceCompile>
  </ItemGroup>
  <ItemGroup>
    <Image Include="small.ico">
      <Filter>Resource Files</Filter>
    </Image>
    <Image Include="OrionUO.ico">
      <Filter>Resource Files</Filter>
    </Image>
  </ItemGroup>
  <ItemGroup>
    <None Include="cursor1.cur">
      <Filter>Resource Files</Filter>
    </None>
  </ItemGroup>
</Project>